// !$*UTF8*$!
{
	archiveVersion = 1;
	classes = {
	};
	objectVersion = 46;
	objects = {

/* Begin PBXBuildFile section */
		077D113F22CB414000E72B64 /* DPLocalizationBundle.m in Sources */ = {isa = PBXBuildFile; fileRef = 077D112C22CB414000E72B64 /* DPLocalizationBundle.m */; };
		077D114022CB414000E72B64 /* DPLocalizationBundle.m in Sources */ = {isa = PBXBuildFile; fileRef = 077D112C22CB414000E72B64 /* DPLocalizationBundle.m */; };
		077D114122CB414000E72B64 /* NSObject+DPLocalization.m in Sources */ = {isa = PBXBuildFile; fileRef = 077D112D22CB414000E72B64 /* NSObject+DPLocalization.m */; };
		077D114222CB414000E72B64 /* NSObject+DPLocalization.m in Sources */ = {isa = PBXBuildFile; fileRef = 077D112D22CB414000E72B64 /* NSObject+DPLocalization.m */; };
		077D114322CB414000E72B64 /* DPFormattedValue.m in Sources */ = {isa = PBXBuildFile; fileRef = 077D112E22CB414000E72B64 /* DPFormattedValue.m */; };
		077D114422CB414000E72B64 /* DPFormattedValue.m in Sources */ = {isa = PBXBuildFile; fileRef = 077D112E22CB414000E72B64 /* DPFormattedValue.m */; };
		077D114522CB414000E72B64 /* Plural+DPLocalization.h in Headers */ = {isa = PBXBuildFile; fileRef = 077D113022CB414000E72B64 /* Plural+DPLocalization.h */; settings = {ATTRIBUTES = (Public, ); }; };
		077D114622CB414000E72B64 /* Plural+DPLocalization.h in Headers */ = {isa = PBXBuildFile; fileRef = 077D113022CB414000E72B64 /* Plural+DPLocalization.h */; settings = {ATTRIBUTES = (Public, ); }; };
		077D114722CB414000E72B64 /* DPLocalizationPlatforms.h in Headers */ = {isa = PBXBuildFile; fileRef = 077D113122CB414000E72B64 /* DPLocalizationPlatforms.h */; settings = {ATTRIBUTES = (Public, ); }; };
		077D114822CB414000E72B64 /* DPLocalizationPlatforms.h in Headers */ = {isa = PBXBuildFile; fileRef = 077D113122CB414000E72B64 /* DPLocalizationPlatforms.h */; settings = {ATTRIBUTES = (Public, ); }; };
		077D114922CB414000E72B64 /* DPAutolocalizationProxy.h in Headers */ = {isa = PBXBuildFile; fileRef = 077D113222CB414000E72B64 /* DPAutolocalizationProxy.h */; settings = {ATTRIBUTES = (Public, ); }; };
		077D114A22CB414000E72B64 /* DPAutolocalizationProxy.h in Headers */ = {isa = PBXBuildFile; fileRef = 077D113222CB414000E72B64 /* DPAutolocalizationProxy.h */; settings = {ATTRIBUTES = (Public, ); }; };
		077D114B22CB414000E72B64 /* dp_gen_plural.h in Headers */ = {isa = PBXBuildFile; fileRef = 077D113322CB414000E72B64 /* dp_gen_plural.h */; settings = {ATTRIBUTES = (Public, ); }; };
		077D114C22CB414000E72B64 /* dp_gen_plural.h in Headers */ = {isa = PBXBuildFile; fileRef = 077D113322CB414000E72B64 /* dp_gen_plural.h */; settings = {ATTRIBUTES = (Public, ); }; };
		077D114D22CB414000E72B64 /* DPLocalization.h in Headers */ = {isa = PBXBuildFile; fileRef = 077D113422CB414000E72B64 /* DPLocalization.h */; settings = {ATTRIBUTES = (Public, ); }; };
		077D114E22CB414000E72B64 /* DPLocalization.h in Headers */ = {isa = PBXBuildFile; fileRef = 077D113422CB414000E72B64 /* DPLocalization.h */; settings = {ATTRIBUTES = (Public, ); }; };
		077D114F22CB414000E72B64 /* NSAttributedString+DPLocalization.h in Headers */ = {isa = PBXBuildFile; fileRef = 077D113522CB414000E72B64 /* NSAttributedString+DPLocalization.h */; settings = {ATTRIBUTES = (Public, ); }; };
		077D115022CB414000E72B64 /* NSAttributedString+DPLocalization.h in Headers */ = {isa = PBXBuildFile; fileRef = 077D113522CB414000E72B64 /* NSAttributedString+DPLocalization.h */; settings = {ATTRIBUTES = (Public, ); }; };
		077D115122CB414000E72B64 /* DPLocalizationBundle.h in Headers */ = {isa = PBXBuildFile; fileRef = 077D113622CB414000E72B64 /* DPLocalizationBundle.h */; settings = {ATTRIBUTES = (Public, ); }; };
		077D115222CB414000E72B64 /* DPLocalizationBundle.h in Headers */ = {isa = PBXBuildFile; fileRef = 077D113622CB414000E72B64 /* DPLocalizationBundle.h */; settings = {ATTRIBUTES = (Public, ); }; };
		077D115322CB414000E72B64 /* DPFormattedValue.h in Headers */ = {isa = PBXBuildFile; fileRef = 077D113722CB414000E72B64 /* DPFormattedValue.h */; settings = {ATTRIBUTES = (Public, ); }; };
		077D115422CB414000E72B64 /* DPFormattedValue.h in Headers */ = {isa = PBXBuildFile; fileRef = 077D113722CB414000E72B64 /* DPFormattedValue.h */; settings = {ATTRIBUTES = (Public, ); }; };
		077D115522CB414000E72B64 /* NSObject+DPLocalization.h in Headers */ = {isa = PBXBuildFile; fileRef = 077D113822CB414000E72B64 /* NSObject+DPLocalization.h */; settings = {ATTRIBUTES = (Public, ); }; };
		077D115622CB414000E72B64 /* NSObject+DPLocalization.h in Headers */ = {isa = PBXBuildFile; fileRef = 077D113822CB414000E72B64 /* NSObject+DPLocalization.h */; settings = {ATTRIBUTES = (Public, ); }; };
		077D115722CB414000E72B64 /* DPLocalizationManager.h in Headers */ = {isa = PBXBuildFile; fileRef = 077D113922CB414000E72B64 /* DPLocalizationManager.h */; settings = {ATTRIBUTES = (Public, ); }; };
		077D115822CB414000E72B64 /* DPLocalizationManager.h in Headers */ = {isa = PBXBuildFile; fileRef = 077D113922CB414000E72B64 /* DPLocalizationManager.h */; settings = {ATTRIBUTES = (Public, ); }; };
		077D115922CB414000E72B64 /* DPLocalizationManager.m in Sources */ = {isa = PBXBuildFile; fileRef = 077D113A22CB414000E72B64 /* DPLocalizationManager.m */; };
		077D115A22CB414000E72B64 /* DPLocalizationManager.m in Sources */ = {isa = PBXBuildFile; fileRef = 077D113A22CB414000E72B64 /* DPLocalizationManager.m */; };
		077D115B22CB414000E72B64 /* Plural+DPLocalization.m in Sources */ = {isa = PBXBuildFile; fileRef = 077D113B22CB414000E72B64 /* Plural+DPLocalization.m */; };
		077D115C22CB414000E72B64 /* Plural+DPLocalization.m in Sources */ = {isa = PBXBuildFile; fileRef = 077D113B22CB414000E72B64 /* Plural+DPLocalization.m */; };
		077D115D22CB414000E72B64 /* DPAutolocalizationProxy.m in Sources */ = {isa = PBXBuildFile; fileRef = 077D113C22CB414000E72B64 /* DPAutolocalizationProxy.m */; };
		077D115E22CB414000E72B64 /* DPAutolocalizationProxy.m in Sources */ = {isa = PBXBuildFile; fileRef = 077D113C22CB414000E72B64 /* DPAutolocalizationProxy.m */; };
		077D115F22CB414000E72B64 /* NSAttributedString+DPLocalization.m in Sources */ = {isa = PBXBuildFile; fileRef = 077D113D22CB414000E72B64 /* NSAttributedString+DPLocalization.m */; };
		077D116022CB414000E72B64 /* NSAttributedString+DPLocalization.m in Sources */ = {isa = PBXBuildFile; fileRef = 077D113D22CB414000E72B64 /* NSAttributedString+DPLocalization.m */; };
		077D116122CB414000E72B64 /* dp_gen_plural.c in Sources */ = {isa = PBXBuildFile; fileRef = 077D113E22CB414000E72B64 /* dp_gen_plural.c */; };
		077D116222CB414000E72B64 /* dp_gen_plural.c in Sources */ = {isa = PBXBuildFile; fileRef = 077D113E22CB414000E72B64 /* dp_gen_plural.c */; };
		5822FA1418587335006B05DB /* Localizable1.strings in Resources */ = {isa = PBXBuildFile; fileRef = 5822FA1218587335006B05DB /* Localizable1.strings */; };
		B204BED91B37F70E00AF575F /* SecondViewController.m in Sources */ = {isa = PBXBuildFile; fileRef = B204BED81B37F70E00AF575F /* SecondViewController.m */; };
		B24F5F321ED57304007A5EAE /* UIKit.framework in Frameworks */ = {isa = PBXBuildFile; fileRef = B24F5F311ED57304007A5EAE /* UIKit.framework */; };
		B26A05AC1BA6D72E00C1BEF3 /* CustomBundle in Resources */ = {isa = PBXBuildFile; fileRef = B26A05AB1BA6D72E00C1BEF3 /* CustomBundle */; };
		B26A05AD1BA6D72E00C1BEF3 /* CustomBundle in Resources */ = {isa = PBXBuildFile; fileRef = B26A05AB1BA6D72E00C1BEF3 /* CustomBundle */; };
		B286169C1ED5774000D3AB81 /* AppDelegate.m in Sources */ = {isa = PBXBuildFile; fileRef = B29DC31D1A9AF46A00AFE219 /* AppDelegate.m */; };
		B28616A51ED577F400D3AB81 /* AppDelegate.swift in Sources */ = {isa = PBXBuildFile; fileRef = B28616A41ED577F400D3AB81 /* AppDelegate.swift */; };
		B28616A71ED577F400D3AB81 /* ViewController.swift in Sources */ = {isa = PBXBuildFile; fileRef = B28616A61ED577F400D3AB81 /* ViewController.swift */; };
		B28616B51ED5785100D3AB81 /* Settings.bundle in Resources */ = {isa = PBXBuildFile; fileRef = CED1C4FA1845F3DD003014E7 /* Settings.bundle */; };
		B28616B61ED5785400D3AB81 /* Launch Screen.xib in Resources */ = {isa = PBXBuildFile; fileRef = B2A0A1D51BAFE15400559277 /* Launch Screen.xib */; };
		B28616B71ED5786E00D3AB81 /* Localizable1.strings in Resources */ = {isa = PBXBuildFile; fileRef = 5822FA1218587335006B05DB /* Localizable1.strings */; };
		B28616B81ED5786E00D3AB81 /* image.png in Resources */ = {isa = PBXBuildFile; fileRef = CE8DC39118C9CABF004E4BB8 /* image.png */; };
		B28616B91ED5786E00D3AB81 /* Localizable.strings in Resources */ = {isa = PBXBuildFile; fileRef = CED8AE3A18335121007E4C60 /* Localizable.strings */; };
		B28616BA1ED5786E00D3AB81 /* Localizable.stringsdict in Resources */ = {isa = PBXBuildFile; fileRef = B292EB311B37EF9900942BC9 /* Localizable.stringsdict */; };
		B28616BD1ED5790800D3AB81 /* Main.storyboard in Resources */ = {isa = PBXBuildFile; fileRef = B28616BC1ED5790800D3AB81 /* Main.storyboard */; };
		B28616BE1ED5797000D3AB81 /* DPLocalization.framework in Frameworks */ = {isa = PBXBuildFile; fileRef = B2EDB7851ED5749200DF87CC /* DPLocalization.framework */; };
		B28616BF1ED5797000D3AB81 /* DPLocalization.framework in Embed Frameworks */ = {isa = PBXBuildFile; fileRef = B2EDB7851ED5749200DF87CC /* DPLocalization.framework */; settings = {ATTRIBUTES = (CodeSignOnCopy, RemoveHeadersOnCopy, ); }; };
		B292EB2F1B37EF9900942BC9 /* Localizable.stringsdict in Resources */ = {isa = PBXBuildFile; fileRef = B292EB311B37EF9900942BC9 /* Localizable.stringsdict */; };
		B294057F1AA439DF0049BF70 /* BasicManagerTests.m in Sources */ = {isa = PBXBuildFile; fileRef = B294057E1AA439DF0049BF70 /* BasicManagerTests.m */; };
		B29405811AA4504B0049BF70 /* BasicNSObjectTests.m in Sources */ = {isa = PBXBuildFile; fileRef = B29405801AA4504B0049BF70 /* BasicNSObjectTests.m */; };
		B29405861AA450DF0049BF70 /* UIKitExtensionTests.m in Sources */ = {isa = PBXBuildFile; fileRef = B29405841AA450DF0049BF70 /* UIKitExtensionTests.m */; };
		B29405881AA464650049BF70 /* BasicProxyTests.m in Sources */ = {isa = PBXBuildFile; fileRef = B29405871AA464650049BF70 /* BasicProxyTests.m */; };
		B294058B1AA46DD20049BF70 /* TestObject.m in Sources */ = {isa = PBXBuildFile; fileRef = B294058A1AA46DD20049BF70 /* TestObject.m */; };
		B29DC3221A9AF46A00AFE219 /* AppDelegate.m in Sources */ = {isa = PBXBuildFile; fileRef = B29DC31D1A9AF46A00AFE219 /* AppDelegate.m */; };
		B29DC3231A9AF46A00AFE219 /* Images.xcassets in Resources */ = {isa = PBXBuildFile; fileRef = B29DC31E1A9AF46A00AFE219 /* Images.xcassets */; };
		B29DC3251A9AF46A00AFE219 /* main.m in Sources */ = {isa = PBXBuildFile; fileRef = B29DC3201A9AF46A00AFE219 /* main.m */; };
		B29DC3261A9AF46A00AFE219 /* MainMenu.xib in Resources */ = {isa = PBXBuildFile; fileRef = B29DC3211A9AF46A00AFE219 /* MainMenu.xib */; };
		B29DC3291A9AF4DC00AFE219 /* Localizable.strings in Resources */ = {isa = PBXBuildFile; fileRef = B29DC32B1A9AF4DC00AFE219 /* Localizable.strings */; };
		B29DC3341A9B167700AFE219 /* image.png in Resources */ = {isa = PBXBuildFile; fileRef = B29DC3361A9B167700AFE219 /* image.png */; };
		B2A0A1D61BAFE15400559277 /* Launch Screen.xib in Resources */ = {isa = PBXBuildFile; fileRef = B2A0A1D51BAFE15400559277 /* Launch Screen.xib */; };
		B2EDB78C1ED5749200DF87CC /* DPLocalization.framework in Frameworks */ = {isa = PBXBuildFile; fileRef = B2EDB7851ED5749200DF87CC /* DPLocalization.framework */; };
		B2EDB78D1ED5749200DF87CC /* DPLocalization.framework in Embed Frameworks */ = {isa = PBXBuildFile; fileRef = B2EDB7851ED5749200DF87CC /* DPLocalization.framework */; settings = {ATTRIBUTES = (CodeSignOnCopy, RemoveHeadersOnCopy, ); }; };
		B2EDB7C31ED5766100DF87CC /* DPLocalization.framework in Frameworks */ = {isa = PBXBuildFile; fileRef = B2EDB7BC1ED5766100DF87CC /* DPLocalization.framework */; };
		B2EDB7C41ED5766100DF87CC /* DPLocalization.framework in Embed Frameworks */ = {isa = PBXBuildFile; fileRef = B2EDB7BC1ED5766100DF87CC /* DPLocalization.framework */; settings = {ATTRIBUTES = (CodeSignOnCopy, RemoveHeadersOnCopy, ); }; };
		CE8DC38F18C9CABF004E4BB8 /* image.png in Resources */ = {isa = PBXBuildFile; fileRef = CE8DC39118C9CABF004E4BB8 /* image.png */; };
		CED1C4FB1845F3DD003014E7 /* Settings.bundle in Resources */ = {isa = PBXBuildFile; fileRef = CED1C4FA1845F3DD003014E7 /* Settings.bundle */; };
		CED8ADF91833502A007E4C60 /* Foundation.framework in Frameworks */ = {isa = PBXBuildFile; fileRef = CED8ADF81833502A007E4C60 /* Foundation.framework */; };
		CED8ADFB1833502A007E4C60 /* CoreGraphics.framework in Frameworks */ = {isa = PBXBuildFile; fileRef = CED8ADFA1833502A007E4C60 /* CoreGraphics.framework */; };
		CED8AE051833502A007E4C60 /* main.m in Sources */ = {isa = PBXBuildFile; fileRef = CED8AE041833502A007E4C60 /* main.m */; };
		CED8AE091833502A007E4C60 /* AppDelegate.m in Sources */ = {isa = PBXBuildFile; fileRef = CED8AE081833502A007E4C60 /* AppDelegate.m */; };
		CED8AE0F1833502A007E4C60 /* ViewController.m in Sources */ = {isa = PBXBuildFile; fileRef = CED8AE0E1833502A007E4C60 /* ViewController.m */; };
		CED8AE111833502A007E4C60 /* Images.xcassets in Resources */ = {isa = PBXBuildFile; fileRef = CED8AE101833502A007E4C60 /* Images.xcassets */; };
		CED8AE2E18335082007E4C60 /* Main.storyboard in Resources */ = {isa = PBXBuildFile; fileRef = CED8AE2D18335082007E4C60 /* Main.storyboard */; };
		CED8AE3818335121007E4C60 /* Localizable.strings in Resources */ = {isa = PBXBuildFile; fileRef = CED8AE3A18335121007E4C60 /* Localizable.strings */; };
/* End PBXBuildFile section */

/* Begin PBXContainerItemProxy section */
		B28616C01ED5797000D3AB81 /* PBXContainerItemProxy */ = {
			isa = PBXContainerItemProxy;
			containerPortal = CED8ADED1833502A007E4C60 /* Project object */;
			proxyType = 1;
			remoteGlobalIDString = B2EDB7841ED5749200DF87CC;
			remoteInfo = "DPLocalization-iOS";
		};
		B29405721AA439180049BF70 /* PBXContainerItemProxy */ = {
			isa = PBXContainerItemProxy;
			containerPortal = CED8ADED1833502A007E4C60 /* Project object */;
			proxyType = 1;
			remoteGlobalIDString = CED8ADF41833502A007E4C60;
			remoteInfo = LocalizationDemo;
		};
		B2EDB78A1ED5749200DF87CC /* PBXContainerItemProxy */ = {
			isa = PBXContainerItemProxy;
			containerPortal = CED8ADED1833502A007E4C60 /* Project object */;
			proxyType = 1;
			remoteGlobalIDString = B2EDB7841ED5749200DF87CC;
			remoteInfo = DPLocalization;
		};
		B2EDB7C11ED5766100DF87CC /* PBXContainerItemProxy */ = {
			isa = PBXContainerItemProxy;
			containerPortal = CED8ADED1833502A007E4C60 /* Project object */;
			proxyType = 1;
			remoteGlobalIDString = B2EDB7BB1ED5766100DF87CC;
			remoteInfo = "DPLocalization-OSX";
		};
/* End PBXContainerItemProxy section */

/* Begin PBXCopyFilesBuildPhase section */
		B28616C21ED5797000D3AB81 /* Embed Frameworks */ = {
			isa = PBXCopyFilesBuildPhase;
			buildActionMask = 2147483647;
			dstPath = "";
			dstSubfolderSpec = 10;
			files = (
				B28616BF1ED5797000D3AB81 /* DPLocalization.framework in Embed Frameworks */,
			);
			name = "Embed Frameworks";
			runOnlyForDeploymentPostprocessing = 0;
		};
		B2EDB7481ED573C800DF87CC /* Embed Frameworks */ = {
			isa = PBXCopyFilesBuildPhase;
			buildActionMask = 2147483647;
			dstPath = "";
			dstSubfolderSpec = 10;
			files = (
				B2EDB78D1ED5749200DF87CC /* DPLocalization.framework in Embed Frameworks */,
			);
			name = "Embed Frameworks";
			runOnlyForDeploymentPostprocessing = 0;
		};
		B2EDB75B1ED573FB00DF87CC /* Embed Frameworks */ = {
			isa = PBXCopyFilesBuildPhase;
			buildActionMask = 2147483647;
			dstPath = "";
			dstSubfolderSpec = 10;
			files = (
				B2EDB7C41ED5766100DF87CC /* DPLocalization.framework in Embed Frameworks */,
			);
			name = "Embed Frameworks";
			runOnlyForDeploymentPostprocessing = 0;
		};
/* End PBXCopyFilesBuildPhase section */

/* Begin PBXFileReference section */
		077D112C22CB414000E72B64 /* DPLocalizationBundle.m */ = {isa = PBXFileReference; fileEncoding = 4; lastKnownFileType = sourcecode.c.objc; path = DPLocalizationBundle.m; sourceTree = "<group>"; };
		077D112D22CB414000E72B64 /* NSObject+DPLocalization.m */ = {isa = PBXFileReference; fileEncoding = 4; lastKnownFileType = sourcecode.c.objc; path = "NSObject+DPLocalization.m"; sourceTree = "<group>"; };
		077D112E22CB414000E72B64 /* DPFormattedValue.m */ = {isa = PBXFileReference; fileEncoding = 4; lastKnownFileType = sourcecode.c.objc; path = DPFormattedValue.m; sourceTree = "<group>"; };
		077D113022CB414000E72B64 /* Plural+DPLocalization.h */ = {isa = PBXFileReference; fileEncoding = 4; lastKnownFileType = sourcecode.c.h; path = "Plural+DPLocalization.h"; sourceTree = "<group>"; };
		077D113122CB414000E72B64 /* DPLocalizationPlatforms.h */ = {isa = PBXFileReference; fileEncoding = 4; lastKnownFileType = sourcecode.c.h; path = DPLocalizationPlatforms.h; sourceTree = "<group>"; };
		077D113222CB414000E72B64 /* DPAutolocalizationProxy.h */ = {isa = PBXFileReference; fileEncoding = 4; lastKnownFileType = sourcecode.c.h; path = DPAutolocalizationProxy.h; sourceTree = "<group>"; };
		077D113322CB414000E72B64 /* dp_gen_plural.h */ = {isa = PBXFileReference; fileEncoding = 4; lastKnownFileType = sourcecode.c.h; path = dp_gen_plural.h; sourceTree = "<group>"; };
		077D113422CB414000E72B64 /* DPLocalization.h */ = {isa = PBXFileReference; fileEncoding = 4; lastKnownFileType = sourcecode.c.h; path = DPLocalization.h; sourceTree = "<group>"; };
		077D113522CB414000E72B64 /* NSAttributedString+DPLocalization.h */ = {isa = PBXFileReference; fileEncoding = 4; lastKnownFileType = sourcecode.c.h; path = "NSAttributedString+DPLocalization.h"; sourceTree = "<group>"; };
		077D113622CB414000E72B64 /* DPLocalizationBundle.h */ = {isa = PBXFileReference; fileEncoding = 4; lastKnownFileType = sourcecode.c.h; path = DPLocalizationBundle.h; sourceTree = "<group>"; };
		077D113722CB414000E72B64 /* DPFormattedValue.h */ = {isa = PBXFileReference; fileEncoding = 4; lastKnownFileType = sourcecode.c.h; path = DPFormattedValue.h; sourceTree = "<group>"; };
		077D113822CB414000E72B64 /* NSObject+DPLocalization.h */ = {isa = PBXFileReference; fileEncoding = 4; lastKnownFileType = sourcecode.c.h; path = "NSObject+DPLocalization.h"; sourceTree = "<group>"; };
		077D113922CB414000E72B64 /* DPLocalizationManager.h */ = {isa = PBXFileReference; fileEncoding = 4; lastKnownFileType = sourcecode.c.h; path = DPLocalizationManager.h; sourceTree = "<group>"; };
		077D113A22CB414000E72B64 /* DPLocalizationManager.m */ = {isa = PBXFileReference; fileEncoding = 4; lastKnownFileType = sourcecode.c.objc; path = DPLocalizationManager.m; sourceTree = "<group>"; };
		077D113B22CB414000E72B64 /* Plural+DPLocalization.m */ = {isa = PBXFileReference; fileEncoding = 4; lastKnownFileType = sourcecode.c.objc; path = "Plural+DPLocalization.m"; sourceTree = "<group>"; };
		077D113C22CB414000E72B64 /* DPAutolocalizationProxy.m */ = {isa = PBXFileReference; fileEncoding = 4; lastKnownFileType = sourcecode.c.objc; path = DPAutolocalizationProxy.m; sourceTree = "<group>"; };
		077D113D22CB414000E72B64 /* NSAttributedString+DPLocalization.m */ = {isa = PBXFileReference; fileEncoding = 4; lastKnownFileType = sourcecode.c.objc; path = "NSAttributedString+DPLocalization.m"; sourceTree = "<group>"; };
		077D113E22CB414000E72B64 /* dp_gen_plural.c */ = {isa = PBXFileReference; fileEncoding = 4; lastKnownFileType = sourcecode.c.c; path = dp_gen_plural.c; sourceTree = "<group>"; };
		5822FA1318587335006B05DB /* de */ = {isa = PBXFileReference; lastKnownFileType = text.plist.strings; name = de; path = de.lproj/Localizable1.strings; sourceTree = "<group>"; };
		5822FA151858733C006B05DB /* en */ = {isa = PBXFileReference; lastKnownFileType = text.plist.strings; name = en; path = en.lproj/Localizable1.strings; sourceTree = "<group>"; };
		5822FA1618587341006B05DB /* ru */ = {isa = PBXFileReference; lastKnownFileType = text.plist.strings; name = ru; path = ru.lproj/Localizable1.strings; sourceTree = "<group>"; };
		B204BED71B37F70E00AF575F /* SecondViewController.h */ = {isa = PBXFileReference; fileEncoding = 4; lastKnownFileType = sourcecode.c.h; path = SecondViewController.h; sourceTree = "<group>"; };
		B204BED81B37F70E00AF575F /* SecondViewController.m */ = {isa = PBXFileReference; fileEncoding = 4; lastKnownFileType = sourcecode.c.objc; path = SecondViewController.m; sourceTree = "<group>"; };
		B21CE18D1B41502900D6E9FA /* CHANGELOG.md */ = {isa = PBXFileReference; lastKnownFileType = net.daringfireball.markdown; name = CHANGELOG.md; path = ../CHANGELOG.md; sourceTree = "<group>"; };
		B21CE18E1B41502900D6E9FA /* DPLocalization.podspec */ = {isa = PBXFileReference; lastKnownFileType = text; name = DPLocalization.podspec; path = ../DPLocalization.podspec; sourceTree = "<group>"; };
		B21CE18F1B41502900D6E9FA /* README.md */ = {isa = PBXFileReference; lastKnownFileType = net.daringfireball.markdown; name = README.md; path = ../README.md; sourceTree = "<group>"; };
		B24F5F311ED57304007A5EAE /* UIKit.framework */ = {isa = PBXFileReference; lastKnownFileType = wrapper.framework; name = UIKit.framework; path = Platforms/iPhoneOS.platform/Developer/SDKs/iPhoneOS10.3.sdk/System/Library/Frameworks/UIKit.framework; sourceTree = DEVELOPER_DIR; };
		B26A05AB1BA6D72E00C1BEF3 /* CustomBundle */ = {isa = PBXFileReference; lastKnownFileType = folder; path = CustomBundle; sourceTree = "<group>"; };
		B28616A21ED577F400D3AB81 /* LocalizationDemoSwift.app */ = {isa = PBXFileReference; explicitFileType = wrapper.application; includeInIndex = 0; path = LocalizationDemoSwift.app; sourceTree = BUILT_PRODUCTS_DIR; };
		B28616A41ED577F400D3AB81 /* AppDelegate.swift */ = {isa = PBXFileReference; lastKnownFileType = sourcecode.swift; path = AppDelegate.swift; sourceTree = "<group>"; };
		B28616A61ED577F400D3AB81 /* ViewController.swift */ = {isa = PBXFileReference; lastKnownFileType = sourcecode.swift; path = ViewController.swift; sourceTree = "<group>"; };
		B28616B01ED577F500D3AB81 /* Info.plist */ = {isa = PBXFileReference; lastKnownFileType = text.plist.xml; path = Info.plist; sourceTree = "<group>"; };
		B28616BC1ED5790800D3AB81 /* Main.storyboard */ = {isa = PBXFileReference; fileEncoding = 4; lastKnownFileType = file.storyboard; path = Main.storyboard; sourceTree = "<group>"; };
		B292EB301B37EF9900942BC9 /* en */ = {isa = PBXFileReference; lastKnownFileType = text.xml; name = en; path = en.lproj/Localizable.stringsdict; sourceTree = "<group>"; };
		B292EB321B37EF9B00942BC9 /* ru */ = {isa = PBXFileReference; lastKnownFileType = text.xml; name = ru; path = ru.lproj/Localizable.stringsdict; sourceTree = "<group>"; };
		B294056C1AA439180049BF70 /* Localization Tests iOS.xctest */ = {isa = PBXFileReference; explicitFileType = wrapper.cfbundle; includeInIndex = 0; path = "Localization Tests iOS.xctest"; sourceTree = BUILT_PRODUCTS_DIR; };
		B294057E1AA439DF0049BF70 /* BasicManagerTests.m */ = {isa = PBXFileReference; fileEncoding = 4; lastKnownFileType = sourcecode.c.objc; path = BasicManagerTests.m; sourceTree = "<group>"; };
		B29405801AA4504B0049BF70 /* BasicNSObjectTests.m */ = {isa = PBXFileReference; fileEncoding = 4; lastKnownFileType = sourcecode.c.objc; path = BasicNSObjectTests.m; sourceTree = "<group>"; };
		B29405831AA450DF0049BF70 /* Info.plist */ = {isa = PBXFileReference; fileEncoding = 4; lastKnownFileType = text.plist.xml; path = Info.plist; sourceTree = "<group>"; };
		B29405841AA450DF0049BF70 /* UIKitExtensionTests.m */ = {isa = PBXFileReference; fileEncoding = 4; lastKnownFileType = sourcecode.c.objc; path = UIKitExtensionTests.m; sourceTree = "<group>"; };
		B29405871AA464650049BF70 /* BasicProxyTests.m */ = {isa = PBXFileReference; fileEncoding = 4; lastKnownFileType = sourcecode.c.objc; path = BasicProxyTests.m; sourceTree = "<group>"; };
		B29405891AA46DD20049BF70 /* TestObject.h */ = {isa = PBXFileReference; fileEncoding = 4; lastKnownFileType = sourcecode.c.h; path = TestObject.h; sourceTree = "<group>"; };
		B294058A1AA46DD20049BF70 /* TestObject.m */ = {isa = PBXFileReference; fileEncoding = 4; lastKnownFileType = sourcecode.c.objc; path = TestObject.m; sourceTree = "<group>"; };
		B29DC2FB1A9AF43E00AFE219 /* LocalizationDemo-osx.app */ = {isa = PBXFileReference; explicitFileType = wrapper.application; includeInIndex = 0; path = "LocalizationDemo-osx.app"; sourceTree = BUILT_PRODUCTS_DIR; };
		B29DC31C1A9AF46A00AFE219 /* AppDelegate.h */ = {isa = PBXFileReference; fileEncoding = 4; lastKnownFileType = sourcecode.c.h; path = AppDelegate.h; sourceTree = "<group>"; };
		B29DC31D1A9AF46A00AFE219 /* AppDelegate.m */ = {isa = PBXFileReference; fileEncoding = 4; lastKnownFileType = sourcecode.c.objc; path = AppDelegate.m; sourceTree = "<group>"; };
		B29DC31E1A9AF46A00AFE219 /* Images.xcassets */ = {isa = PBXFileReference; lastKnownFileType = folder.assetcatalog; path = Images.xcassets; sourceTree = "<group>"; };
		B29DC31F1A9AF46A00AFE219 /* Info.plist */ = {isa = PBXFileReference; fileEncoding = 4; lastKnownFileType = text.plist.xml; path = Info.plist; sourceTree = "<group>"; };
		B29DC3201A9AF46A00AFE219 /* main.m */ = {isa = PBXFileReference; fileEncoding = 4; lastKnownFileType = sourcecode.c.objc; path = main.m; sourceTree = "<group>"; };
		B29DC3211A9AF46A00AFE219 /* MainMenu.xib */ = {isa = PBXFileReference; fileEncoding = 4; lastKnownFileType = file.xib; path = MainMenu.xib; sourceTree = "<group>"; };
		B29DC32A1A9AF4DC00AFE219 /* en */ = {isa = PBXFileReference; lastKnownFileType = text.plist.strings; name = en; path = en.lproj/Localizable.strings; sourceTree = "<group>"; };
		B29DC32C1A9AF4F500AFE219 /* ru */ = {isa = PBXFileReference; lastKnownFileType = text.plist.strings; name = ru; path = ru.lproj/Localizable.strings; sourceTree = "<group>"; };
		B29DC32D1A9AF4F600AFE219 /* de */ = {isa = PBXFileReference; lastKnownFileType = text.plist.strings; name = de; path = de.lproj/Localizable.strings; sourceTree = "<group>"; };
		B29DC3351A9B167700AFE219 /* en */ = {isa = PBXFileReference; lastKnownFileType = image.png; name = en; path = en.lproj/image.png; sourceTree = "<group>"; };
		B29DC3371A9B167800AFE219 /* ru */ = {isa = PBXFileReference; lastKnownFileType = image.png; name = ru; path = ru.lproj/image.png; sourceTree = "<group>"; };
		B29DC3381A9B167800AFE219 /* de */ = {isa = PBXFileReference; lastKnownFileType = image.png; name = de; path = de.lproj/image.png; sourceTree = "<group>"; };
		B2A0A1D51BAFE15400559277 /* Launch Screen.xib */ = {isa = PBXFileReference; fileEncoding = 4; lastKnownFileType = file.xib; path = "Launch Screen.xib"; sourceTree = "<group>"; };
		B2EDB7851ED5749200DF87CC /* DPLocalization.framework */ = {isa = PBXFileReference; explicitFileType = wrapper.framework; includeInIndex = 0; path = DPLocalization.framework; sourceTree = BUILT_PRODUCTS_DIR; };
		B2EDB7871ED5749200DF87CC /* DPLocalizationVer.h */ = {isa = PBXFileReference; lastKnownFileType = sourcecode.c.h; path = DPLocalizationVer.h; sourceTree = "<group>"; };
		B2EDB7881ED5749200DF87CC /* Info.plist */ = {isa = PBXFileReference; lastKnownFileType = text.plist.xml; path = Info.plist; sourceTree = "<group>"; };
		B2EDB7BC1ED5766100DF87CC /* DPLocalization.framework */ = {isa = PBXFileReference; explicitFileType = wrapper.framework; includeInIndex = 0; path = DPLocalization.framework; sourceTree = BUILT_PRODUCTS_DIR; };
		B2EDB7BE1ED5766100DF87CC /* DPLocalization-OSX.h */ = {isa = PBXFileReference; lastKnownFileType = sourcecode.c.h; path = "DPLocalization-OSX.h"; sourceTree = "<group>"; };
		B2EDB7BF1ED5766100DF87CC /* Info.plist */ = {isa = PBXFileReference; lastKnownFileType = text.plist.xml; path = Info.plist; sourceTree = "<group>"; };
		CE8DC39018C9CABF004E4BB8 /* en */ = {isa = PBXFileReference; lastKnownFileType = image.png; name = en; path = en.lproj/image.png; sourceTree = "<group>"; };
		CE8DC39218C9CAC3004E4BB8 /* de */ = {isa = PBXFileReference; lastKnownFileType = image.png; name = de; path = de.lproj/image.png; sourceTree = "<group>"; };
		CE8DC39318C9CAC4004E4BB8 /* ru */ = {isa = PBXFileReference; lastKnownFileType = image.png; name = ru; path = ru.lproj/image.png; sourceTree = "<group>"; };
		CED1C4FA1845F3DD003014E7 /* Settings.bundle */ = {isa = PBXFileReference; lastKnownFileType = "wrapper.plug-in"; path = Settings.bundle; sourceTree = "<group>"; };
		CED8ADF51833502A007E4C60 /* LocalizationDemo.app */ = {isa = PBXFileReference; explicitFileType = wrapper.application; includeInIndex = 0; path = LocalizationDemo.app; sourceTree = BUILT_PRODUCTS_DIR; };
		CED8ADF81833502A007E4C60 /* Foundation.framework */ = {isa = PBXFileReference; lastKnownFileType = wrapper.framework; name = Foundation.framework; path = System/Library/Frameworks/Foundation.framework; sourceTree = SDKROOT; };
		CED8ADFA1833502A007E4C60 /* CoreGraphics.framework */ = {isa = PBXFileReference; lastKnownFileType = wrapper.framework; name = CoreGraphics.framework; path = System/Library/Frameworks/CoreGraphics.framework; sourceTree = SDKROOT; };
		CED8ADFC1833502A007E4C60 /* UIKit.framework */ = {isa = PBXFileReference; lastKnownFileType = wrapper.framework; name = UIKit.framework; path = System/Library/Frameworks/UIKit.framework; sourceTree = SDKROOT; };
		CED8AE001833502A007E4C60 /* LocalizationDemo-Info.plist */ = {isa = PBXFileReference; lastKnownFileType = text.plist.xml; path = "LocalizationDemo-Info.plist"; sourceTree = "<group>"; };
		CED8AE041833502A007E4C60 /* main.m */ = {isa = PBXFileReference; lastKnownFileType = sourcecode.c.objc; path = main.m; sourceTree = "<group>"; };
		CED8AE061833502A007E4C60 /* LocalizationDemo-Prefix.pch */ = {isa = PBXFileReference; lastKnownFileType = sourcecode.c.h; path = "LocalizationDemo-Prefix.pch"; sourceTree = "<group>"; };
		CED8AE071833502A007E4C60 /* AppDelegate.h */ = {isa = PBXFileReference; lastKnownFileType = sourcecode.c.h; path = AppDelegate.h; sourceTree = "<group>"; };
		CED8AE081833502A007E4C60 /* AppDelegate.m */ = {isa = PBXFileReference; lastKnownFileType = sourcecode.c.objc; path = AppDelegate.m; sourceTree = "<group>"; };
		CED8AE0D1833502A007E4C60 /* ViewController.h */ = {isa = PBXFileReference; lastKnownFileType = sourcecode.c.h; path = ViewController.h; sourceTree = "<group>"; };
		CED8AE0E1833502A007E4C60 /* ViewController.m */ = {isa = PBXFileReference; lastKnownFileType = sourcecode.c.objc; path = ViewController.m; sourceTree = "<group>"; };
		CED8AE101833502A007E4C60 /* Images.xcassets */ = {isa = PBXFileReference; lastKnownFileType = folder.assetcatalog; path = Images.xcassets; sourceTree = "<group>"; };
		CED8AE171833502A007E4C60 /* XCTest.framework */ = {isa = PBXFileReference; lastKnownFileType = wrapper.framework; name = XCTest.framework; path = Library/Frameworks/XCTest.framework; sourceTree = DEVELOPER_DIR; };
		CED8AE2D18335082007E4C60 /* Main.storyboard */ = {isa = PBXFileReference; fileEncoding = 4; lastKnownFileType = file.storyboard; path = Main.storyboard; sourceTree = "<group>"; };
		CED8AE3B18335127007E4C60 /* en */ = {isa = PBXFileReference; lastKnownFileType = text.plist.strings; name = en; path = en.lproj/Localizable.strings; sourceTree = "<group>"; };
		CEE81AF51833519C00627565 /* ru */ = {isa = PBXFileReference; lastKnownFileType = text.plist.strings; name = ru; path = ru.lproj/Localizable.strings; sourceTree = "<group>"; };
		CEE81AF6183351A400627565 /* de */ = {isa = PBXFileReference; lastKnownFileType = text.plist.strings; name = de; path = de.lproj/Localizable.strings; sourceTree = "<group>"; };
/* End PBXFileReference section */

/* Begin PBXFrameworksBuildPhase section */
		B286169F1ED577F400D3AB81 /* Frameworks */ = {
			isa = PBXFrameworksBuildPhase;
			buildActionMask = 2147483647;
			files = (
				B28616BE1ED5797000D3AB81 /* DPLocalization.framework in Frameworks */,
			);
			runOnlyForDeploymentPostprocessing = 0;
		};
		B29405691AA439180049BF70 /* Frameworks */ = {
			isa = PBXFrameworksBuildPhase;
			buildActionMask = 2147483647;
			files = (
			);
			runOnlyForDeploymentPostprocessing = 0;
		};
		B29DC2F81A9AF43E00AFE219 /* Frameworks */ = {
			isa = PBXFrameworksBuildPhase;
			buildActionMask = 2147483647;
			files = (
				B2EDB7C31ED5766100DF87CC /* DPLocalization.framework in Frameworks */,
			);
			runOnlyForDeploymentPostprocessing = 0;
		};
		B2EDB7811ED5749200DF87CC /* Frameworks */ = {
			isa = PBXFrameworksBuildPhase;
			buildActionMask = 2147483647;
			files = (
			);
			runOnlyForDeploymentPostprocessing = 0;
		};
		B2EDB7B81ED5766100DF87CC /* Frameworks */ = {
			isa = PBXFrameworksBuildPhase;
			buildActionMask = 2147483647;
			files = (
			);
			runOnlyForDeploymentPostprocessing = 0;
		};
		CED8ADF21833502A007E4C60 /* Frameworks */ = {
			isa = PBXFrameworksBuildPhase;
			buildActionMask = 2147483647;
			files = (
				B24F5F321ED57304007A5EAE /* UIKit.framework in Frameworks */,
				B2EDB78C1ED5749200DF87CC /* DPLocalization.framework in Frameworks */,
				CED8ADFB1833502A007E4C60 /* CoreGraphics.framework in Frameworks */,
				CED8ADF91833502A007E4C60 /* Foundation.framework in Frameworks */,
			);
			runOnlyForDeploymentPostprocessing = 0;
		};
/* End PBXFrameworksBuildPhase section */

/* Begin PBXGroup section */
		077D112B22CB414000E72B64 /* DPLocalization */ = {
			isa = PBXGroup;
			children = (
				077D112F22CB414000E72B64 /* include */,
				077D112C22CB414000E72B64 /* DPLocalizationBundle.m */,
				077D112D22CB414000E72B64 /* NSObject+DPLocalization.m */,
				077D112E22CB414000E72B64 /* DPFormattedValue.m */,
				077D113A22CB414000E72B64 /* DPLocalizationManager.m */,
				077D113B22CB414000E72B64 /* Plural+DPLocalization.m */,
				077D113C22CB414000E72B64 /* DPAutolocalizationProxy.m */,
				077D113D22CB414000E72B64 /* NSAttributedString+DPLocalization.m */,
				077D113E22CB414000E72B64 /* dp_gen_plural.c */,
			);
			name = DPLocalization;
			path = ../DPLocalization;
			sourceTree = "<group>";
		};
		077D112F22CB414000E72B64 /* include */ = {
			isa = PBXGroup;
			children = (
				077D113022CB414000E72B64 /* Plural+DPLocalization.h */,
				077D113122CB414000E72B64 /* DPLocalizationPlatforms.h */,
				077D113222CB414000E72B64 /* DPAutolocalizationProxy.h */,
				077D113322CB414000E72B64 /* dp_gen_plural.h */,
				077D113422CB414000E72B64 /* DPLocalization.h */,
				077D113522CB414000E72B64 /* NSAttributedString+DPLocalization.h */,
				077D113622CB414000E72B64 /* DPLocalizationBundle.h */,
				077D113722CB414000E72B64 /* DPFormattedValue.h */,
				077D113822CB414000E72B64 /* NSObject+DPLocalization.h */,
				077D113922CB414000E72B64 /* DPLocalizationManager.h */,
			);
			path = include;
			sourceTree = "<group>";
		};
		B28616A31ED577F400D3AB81 /* LocalizationDemoSwift */ = {
			isa = PBXGroup;
			children = (
				B28616A41ED577F400D3AB81 /* AppDelegate.swift */,
				B28616A61ED577F400D3AB81 /* ViewController.swift */,
				B28616BC1ED5790800D3AB81 /* Main.storyboard */,
				B28616B01ED577F500D3AB81 /* Info.plist */,
			);
			path = LocalizationDemoSwift;
			sourceTree = "<group>";
		};
		B29405781AA439B20049BF70 /* Tests */ = {
			isa = PBXGroup;
			children = (
				B29405821AA450DF0049BF70 /* iOS */,
				B294057E1AA439DF0049BF70 /* BasicManagerTests.m */,
				B29405801AA4504B0049BF70 /* BasicNSObjectTests.m */,
				B29405871AA464650049BF70 /* BasicProxyTests.m */,
				B29405891AA46DD20049BF70 /* TestObject.h */,
				B294058A1AA46DD20049BF70 /* TestObject.m */,
			);
			path = Tests;
			sourceTree = "<group>";
		};
		B29405821AA450DF0049BF70 /* iOS */ = {
			isa = PBXGroup;
			children = (
				B29405841AA450DF0049BF70 /* UIKitExtensionTests.m */,
				B29405831AA450DF0049BF70 /* Info.plist */,
			);
			path = iOS;
			sourceTree = "<group>";
		};
		B29DC31B1A9AF46A00AFE219 /* LocalizationDemo-osx */ = {
			isa = PBXGroup;
			children = (
				B29DC31C1A9AF46A00AFE219 /* AppDelegate.h */,
				B29DC31D1A9AF46A00AFE219 /* AppDelegate.m */,
				B29DC3211A9AF46A00AFE219 /* MainMenu.xib */,
				B29DC3361A9B167700AFE219 /* image.png */,
				B29DC31E1A9AF46A00AFE219 /* Images.xcassets */,
				B29DC32B1A9AF4DC00AFE219 /* Localizable.strings */,
				B29DC3201A9AF46A00AFE219 /* main.m */,
				B29DC31F1A9AF46A00AFE219 /* Info.plist */,
			);
			path = "LocalizationDemo-osx";
			sourceTree = "<group>";
		};
		B2EDB7861ED5749200DF87CC /* DPLocalization-iOS */ = {
			isa = PBXGroup;
			children = (
				B2EDB7871ED5749200DF87CC /* DPLocalizationVer.h */,
				B2EDB7881ED5749200DF87CC /* Info.plist */,
			);
			path = "DPLocalization-iOS";
			sourceTree = "<group>";
		};
		B2EDB7BD1ED5766100DF87CC /* DPLocalization-OSX */ = {
			isa = PBXGroup;
			children = (
				B2EDB7BE1ED5766100DF87CC /* DPLocalization-OSX.h */,
				B2EDB7BF1ED5766100DF87CC /* Info.plist */,
			);
			path = "DPLocalization-OSX";
			sourceTree = "<group>";
		};
		CED8ADEC1833502A007E4C60 = {
			isa = PBXGroup;
			children = (
				077D112B22CB414000E72B64 /* DPLocalization */,
				CED8ADFE1833502A007E4C60 /* LocalizationDemo */,
				B28616A31ED577F400D3AB81 /* LocalizationDemoSwift */,
				B29DC31B1A9AF46A00AFE219 /* LocalizationDemo-osx */,
				B26A05AB1BA6D72E00C1BEF3 /* CustomBundle */,
				B29405781AA439B20049BF70 /* Tests */,
				B2EDB7861ED5749200DF87CC /* DPLocalization-iOS */,
				B2EDB7BD1ED5766100DF87CC /* DPLocalization-OSX */,
				CED8ADF71833502A007E4C60 /* Frameworks */,
				CED8ADF61833502A007E4C60 /* Products */,
				B21CE18D1B41502900D6E9FA /* CHANGELOG.md */,
				B21CE18E1B41502900D6E9FA /* DPLocalization.podspec */,
				B21CE18F1B41502900D6E9FA /* README.md */,
			);
			sourceTree = "<group>";
		};
		CED8ADF61833502A007E4C60 /* Products */ = {
			isa = PBXGroup;
			children = (
				CED8ADF51833502A007E4C60 /* LocalizationDemo.app */,
				B29DC2FB1A9AF43E00AFE219 /* LocalizationDemo-osx.app */,
				B294056C1AA439180049BF70 /* Localization Tests iOS.xctest */,
				B2EDB7851ED5749200DF87CC /* DPLocalization.framework */,
				B2EDB7BC1ED5766100DF87CC /* DPLocalization.framework */,
				B28616A21ED577F400D3AB81 /* LocalizationDemoSwift.app */,
			);
			name = Products;
			sourceTree = "<group>";
		};
		CED8ADF71833502A007E4C60 /* Frameworks */ = {
			isa = PBXGroup;
			children = (
				B24F5F311ED57304007A5EAE /* UIKit.framework */,
				CED8ADF81833502A007E4C60 /* Foundation.framework */,
				CED8ADFA1833502A007E4C60 /* CoreGraphics.framework */,
				CED8ADFC1833502A007E4C60 /* UIKit.framework */,
				CED8AE171833502A007E4C60 /* XCTest.framework */,
			);
			name = Frameworks;
			sourceTree = "<group>";
		};
		CED8ADFE1833502A007E4C60 /* LocalizationDemo */ = {
			isa = PBXGroup;
			children = (
				5822FA1218587335006B05DB /* Localizable1.strings */,
				CED8AE071833502A007E4C60 /* AppDelegate.h */,
				CED8AE081833502A007E4C60 /* AppDelegate.m */,
				CED8AE0D1833502A007E4C60 /* ViewController.h */,
				CED8AE0E1833502A007E4C60 /* ViewController.m */,
				B204BED71B37F70E00AF575F /* SecondViewController.h */,
				B204BED81B37F70E00AF575F /* SecondViewController.m */,
				CE8DC39118C9CABF004E4BB8 /* image.png */,
				CED8AE2D18335082007E4C60 /* Main.storyboard */,
				CED8AE3A18335121007E4C60 /* Localizable.strings */,
				B292EB311B37EF9900942BC9 /* Localizable.stringsdict */,
				CED8AE101833502A007E4C60 /* Images.xcassets */,
				CED8ADFF1833502A007E4C60 /* Supporting Files */,
				CED1C4FA1845F3DD003014E7 /* Settings.bundle */,
				B2A0A1D51BAFE15400559277 /* Launch Screen.xib */,
			);
			path = LocalizationDemo;
			sourceTree = "<group>";
		};
		CED8ADFF1833502A007E4C60 /* Supporting Files */ = {
			isa = PBXGroup;
			children = (
				CED8AE001833502A007E4C60 /* LocalizationDemo-Info.plist */,
				CED8AE041833502A007E4C60 /* main.m */,
				CED8AE061833502A007E4C60 /* LocalizationDemo-Prefix.pch */,
			);
			name = "Supporting Files";
			sourceTree = "<group>";
		};
/* End PBXGroup section */

/* Begin PBXHeadersBuildPhase section */
		B2EDB7821ED5749200DF87CC /* Headers */ = {
			isa = PBXHeadersBuildPhase;
			buildActionMask = 2147483647;
			files = (
				077D115522CB414000E72B64 /* NSObject+DPLocalization.h in Headers */,
				077D114722CB414000E72B64 /* DPLocalizationPlatforms.h in Headers */,
				077D114D22CB414000E72B64 /* DPLocalization.h in Headers */,
				077D114B22CB414000E72B64 /* dp_gen_plural.h in Headers */,
				077D115122CB414000E72B64 /* DPLocalizationBundle.h in Headers */,
				077D115722CB414000E72B64 /* DPLocalizationManager.h in Headers */,
				077D114522CB414000E72B64 /* Plural+DPLocalization.h in Headers */,
				077D114922CB414000E72B64 /* DPAutolocalizationProxy.h in Headers */,
				077D114F22CB414000E72B64 /* NSAttributedString+DPLocalization.h in Headers */,
				077D115322CB414000E72B64 /* DPFormattedValue.h in Headers */,
			);
			runOnlyForDeploymentPostprocessing = 0;
		};
		B2EDB7B91ED5766100DF87CC /* Headers */ = {
			isa = PBXHeadersBuildPhase;
			buildActionMask = 2147483647;
			files = (
				077D115622CB414000E72B64 /* NSObject+DPLocalization.h in Headers */,
				077D114822CB414000E72B64 /* DPLocalizationPlatforms.h in Headers */,
				077D114E22CB414000E72B64 /* DPLocalization.h in Headers */,
				077D114C22CB414000E72B64 /* dp_gen_plural.h in Headers */,
				077D115222CB414000E72B64 /* DPLocalizationBundle.h in Headers */,
				077D115822CB414000E72B64 /* DPLocalizationManager.h in Headers */,
				077D114622CB414000E72B64 /* Plural+DPLocalization.h in Headers */,
				077D114A22CB414000E72B64 /* DPAutolocalizationProxy.h in Headers */,
				077D115022CB414000E72B64 /* NSAttributedString+DPLocalization.h in Headers */,
				077D115422CB414000E72B64 /* DPFormattedValue.h in Headers */,
			);
			runOnlyForDeploymentPostprocessing = 0;
		};
/* End PBXHeadersBuildPhase section */

/* Begin PBXNativeTarget section */
		B28616A11ED577F400D3AB81 /* LocalizationDemoSwift */ = {
			isa = PBXNativeTarget;
			buildConfigurationList = B28616B11ED577F500D3AB81 /* Build configuration list for PBXNativeTarget "LocalizationDemoSwift" */;
			buildPhases = (
				B286169E1ED577F400D3AB81 /* Sources */,
				B286169F1ED577F400D3AB81 /* Frameworks */,
				B28616A01ED577F400D3AB81 /* Resources */,
				B28616C21ED5797000D3AB81 /* Embed Frameworks */,
			);
			buildRules = (
			);
			dependencies = (
				B28616C11ED5797000D3AB81 /* PBXTargetDependency */,
			);
			name = LocalizationDemoSwift;
			productName = LocalizationDemoSwift;
			productReference = B28616A21ED577F400D3AB81 /* LocalizationDemoSwift.app */;
			productType = "com.apple.product-type.application";
		};
		B294056B1AA439180049BF70 /* Localization Tests iOS */ = {
			isa = PBXNativeTarget;
			buildConfigurationList = B29405761AA439180049BF70 /* Build configuration list for PBXNativeTarget "Localization Tests iOS" */;
			buildPhases = (
				B29405681AA439180049BF70 /* Sources */,
				B29405691AA439180049BF70 /* Frameworks */,
				B294056A1AA439180049BF70 /* Resources */,
			);
			buildRules = (
			);
			dependencies = (
				B29405731AA439180049BF70 /* PBXTargetDependency */,
			);
			name = "Localization Tests iOS";
			productName = "Localization Tests iOS";
			productReference = B294056C1AA439180049BF70 /* Localization Tests iOS.xctest */;
			productType = "com.apple.product-type.bundle.unit-test";
		};
		B29DC2FA1A9AF43E00AFE219 /* LocalizationDemo-osx */ = {
			isa = PBXNativeTarget;
			buildConfigurationList = B29DC3151A9AF43F00AFE219 /* Build configuration list for PBXNativeTarget "LocalizationDemo-osx" */;
			buildPhases = (
				B29DC2F71A9AF43E00AFE219 /* Sources */,
				B29DC2F81A9AF43E00AFE219 /* Frameworks */,
				B29DC2F91A9AF43E00AFE219 /* Resources */,
				B2EDB75B1ED573FB00DF87CC /* Embed Frameworks */,
			);
			buildRules = (
			);
			dependencies = (
				B2EDB7C21ED5766100DF87CC /* PBXTargetDependency */,
			);
			name = "LocalizationDemo-osx";
			productName = "LocalizationDemo-osx";
			productReference = B29DC2FB1A9AF43E00AFE219 /* LocalizationDemo-osx.app */;
			productType = "com.apple.product-type.application";
		};
		B2EDB7841ED5749200DF87CC /* DPLocalization-iOS */ = {
			isa = PBXNativeTarget;
			buildConfigurationList = B2EDB78E1ED5749200DF87CC /* Build configuration list for PBXNativeTarget "DPLocalization-iOS" */;
			buildPhases = (
				B2EDB7801ED5749200DF87CC /* Sources */,
				B2EDB7811ED5749200DF87CC /* Frameworks */,
				B2EDB7821ED5749200DF87CC /* Headers */,
				B2EDB7831ED5749200DF87CC /* Resources */,
			);
			buildRules = (
			);
			dependencies = (
			);
			name = "DPLocalization-iOS";
			productName = DPLocalization;
			productReference = B2EDB7851ED5749200DF87CC /* DPLocalization.framework */;
			productType = "com.apple.product-type.framework";
		};
		B2EDB7BB1ED5766100DF87CC /* DPLocalization-OSX */ = {
			isa = PBXNativeTarget;
			buildConfigurationList = B2EDB7C51ED5766100DF87CC /* Build configuration list for PBXNativeTarget "DPLocalization-OSX" */;
			buildPhases = (
				B2EDB7B71ED5766100DF87CC /* Sources */,
				B2EDB7B81ED5766100DF87CC /* Frameworks */,
				B2EDB7B91ED5766100DF87CC /* Headers */,
				B2EDB7BA1ED5766100DF87CC /* Resources */,
			);
			buildRules = (
			);
			dependencies = (
			);
			name = "DPLocalization-OSX";
			productName = "DPLocalization-OSX";
			productReference = B2EDB7BC1ED5766100DF87CC /* DPLocalization.framework */;
			productType = "com.apple.product-type.framework";
		};
		CED8ADF41833502A007E4C60 /* LocalizationDemo */ = {
			isa = PBXNativeTarget;
			buildConfigurationList = CED8AE271833502A007E4C60 /* Build configuration list for PBXNativeTarget "LocalizationDemo" */;
			buildPhases = (
				CED8ADF11833502A007E4C60 /* Sources */,
				CED8ADF21833502A007E4C60 /* Frameworks */,
				CED8ADF31833502A007E4C60 /* Resources */,
				B2EDB7481ED573C800DF87CC /* Embed Frameworks */,
			);
			buildRules = (
			);
			dependencies = (
				B2EDB78B1ED5749200DF87CC /* PBXTargetDependency */,
			);
			name = LocalizationDemo;
			productName = LocalizationDemo;
			productReference = CED8ADF51833502A007E4C60 /* LocalizationDemo.app */;
			productType = "com.apple.product-type.application";
		};
/* End PBXNativeTarget section */

/* Begin PBXProject section */
		CED8ADED1833502A007E4C60 /* Project object */ = {
			isa = PBXProject;
			attributes = {
				LastSwiftUpdateCheck = 0830;
				LastUpgradeCheck = 0900;
				ORGANIZATIONNAME = "Dmitriy Petrusevich";
				TargetAttributes = {
					B28616A11ED577F400D3AB81 = {
						CreatedOnToolsVersion = 8.3.2;
						DevelopmentTeam = N2ZKNQ2E58;
						ProvisioningStyle = Automatic;
					};
					B294056B1AA439180049BF70 = {
						CreatedOnToolsVersion = 6.1.1;
						TestTargetID = CED8ADF41833502A007E4C60;
					};
					B29DC2FA1A9AF43E00AFE219 = {
						CreatedOnToolsVersion = 6.1.1;
						DevelopmentTeam = N2ZKNQ2E58;
						ProvisioningStyle = Automatic;
					};
					B2EDB7841ED5749200DF87CC = {
						CreatedOnToolsVersion = 8.3.2;
						ProvisioningStyle = Automatic;
					};
					B2EDB7BB1ED5766100DF87CC = {
						CreatedOnToolsVersion = 8.3.2;
						ProvisioningStyle = Automatic;
					};
					CED8ADF41833502A007E4C60 = {
						DevelopmentTeam = N2ZKNQ2E58;
						ProvisioningStyle = Automatic;
					};
				};
			};
			buildConfigurationList = CED8ADF01833502A007E4C60 /* Build configuration list for PBXProject "LocalizationDemo" */;
			compatibilityVersion = "Xcode 3.2";
			developmentRegion = English;
			hasScannedForEncodings = 0;
			knownRegions = (
				English,
				en,
				ru,
				de,
				Base,
			);
			mainGroup = CED8ADEC1833502A007E4C60;
			productRefGroup = CED8ADF61833502A007E4C60 /* Products */;
			projectDirPath = "";
			projectRoot = "";
			targets = (
				CED8ADF41833502A007E4C60 /* LocalizationDemo */,
				B28616A11ED577F400D3AB81 /* LocalizationDemoSwift */,
				B29DC2FA1A9AF43E00AFE219 /* LocalizationDemo-osx */,
				B294056B1AA439180049BF70 /* Localization Tests iOS */,
				B2EDB7841ED5749200DF87CC /* DPLocalization-iOS */,
				B2EDB7BB1ED5766100DF87CC /* DPLocalization-OSX */,
			);
		};
/* End PBXProject section */

/* Begin PBXResourcesBuildPhase section */
		B28616A01ED577F400D3AB81 /* Resources */ = {
			isa = PBXResourcesBuildPhase;
			buildActionMask = 2147483647;
			files = (
				B28616B51ED5785100D3AB81 /* Settings.bundle in Resources */,
				B28616B91ED5786E00D3AB81 /* Localizable.strings in Resources */,
				B28616B61ED5785400D3AB81 /* Launch Screen.xib in Resources */,
				B28616B71ED5786E00D3AB81 /* Localizable1.strings in Resources */,
				B28616BD1ED5790800D3AB81 /* Main.storyboard in Resources */,
				B28616B81ED5786E00D3AB81 /* image.png in Resources */,
				B28616BA1ED5786E00D3AB81 /* Localizable.stringsdict in Resources */,
			);
			runOnlyForDeploymentPostprocessing = 0;
		};
		B294056A1AA439180049BF70 /* Resources */ = {
			isa = PBXResourcesBuildPhase;
			buildActionMask = 2147483647;
			files = (
			);
			runOnlyForDeploymentPostprocessing = 0;
		};
		B29DC2F91A9AF43E00AFE219 /* Resources */ = {
			isa = PBXResourcesBuildPhase;
			buildActionMask = 2147483647;
			files = (
				B29DC3231A9AF46A00AFE219 /* Images.xcassets in Resources */,
				B26A05AD1BA6D72E00C1BEF3 /* CustomBundle in Resources */,
				B29DC3291A9AF4DC00AFE219 /* Localizable.strings in Resources */,
				B29DC3261A9AF46A00AFE219 /* MainMenu.xib in Resources */,
				B29DC3341A9B167700AFE219 /* image.png in Resources */,
			);
			runOnlyForDeploymentPostprocessing = 0;
		};
		B2EDB7831ED5749200DF87CC /* Resources */ = {
			isa = PBXResourcesBuildPhase;
			buildActionMask = 2147483647;
			files = (
			);
			runOnlyForDeploymentPostprocessing = 0;
		};
		B2EDB7BA1ED5766100DF87CC /* Resources */ = {
			isa = PBXResourcesBuildPhase;
			buildActionMask = 2147483647;
			files = (
			);
			runOnlyForDeploymentPostprocessing = 0;
		};
		CED8ADF31833502A007E4C60 /* Resources */ = {
			isa = PBXResourcesBuildPhase;
			buildActionMask = 2147483647;
			files = (
				CED1C4FB1845F3DD003014E7 /* Settings.bundle in Resources */,
				B26A05AC1BA6D72E00C1BEF3 /* CustomBundle in Resources */,
				B2A0A1D61BAFE15400559277 /* Launch Screen.xib in Resources */,
				CED8AE2E18335082007E4C60 /* Main.storyboard in Resources */,
				CED8AE3818335121007E4C60 /* Localizable.strings in Resources */,
				CED8AE111833502A007E4C60 /* Images.xcassets in Resources */,
				B292EB2F1B37EF9900942BC9 /* Localizable.stringsdict in Resources */,
				5822FA1418587335006B05DB /* Localizable1.strings in Resources */,
				CE8DC38F18C9CABF004E4BB8 /* image.png in Resources */,
			);
			runOnlyForDeploymentPostprocessing = 0;
		};
/* End PBXResourcesBuildPhase section */

/* Begin PBXSourcesBuildPhase section */
		B286169E1ED577F400D3AB81 /* Sources */ = {
			isa = PBXSourcesBuildPhase;
			buildActionMask = 2147483647;
			files = (
				B28616A71ED577F400D3AB81 /* ViewController.swift in Sources */,
				B28616A51ED577F400D3AB81 /* AppDelegate.swift in Sources */,
			);
			runOnlyForDeploymentPostprocessing = 0;
		};
		B29405681AA439180049BF70 /* Sources */ = {
			isa = PBXSourcesBuildPhase;
			buildActionMask = 2147483647;
			files = (
				B29405861AA450DF0049BF70 /* UIKitExtensionTests.m in Sources */,
				B294057F1AA439DF0049BF70 /* BasicManagerTests.m in Sources */,
				B294058B1AA46DD20049BF70 /* TestObject.m in Sources */,
				B29405811AA4504B0049BF70 /* BasicNSObjectTests.m in Sources */,
				B29405881AA464650049BF70 /* BasicProxyTests.m in Sources */,
			);
			runOnlyForDeploymentPostprocessing = 0;
		};
		B29DC2F71A9AF43E00AFE219 /* Sources */ = {
			isa = PBXSourcesBuildPhase;
			buildActionMask = 2147483647;
			files = (
				B29DC3251A9AF46A00AFE219 /* main.m in Sources */,
				B29DC3221A9AF46A00AFE219 /* AppDelegate.m in Sources */,
			);
			runOnlyForDeploymentPostprocessing = 0;
		};
		B2EDB7801ED5749200DF87CC /* Sources */ = {
			isa = PBXSourcesBuildPhase;
			buildActionMask = 2147483647;
			files = (
				077D115B22CB414000E72B64 /* Plural+DPLocalization.m in Sources */,
				077D114322CB414000E72B64 /* DPFormattedValue.m in Sources */,
				077D115D22CB414000E72B64 /* DPAutolocalizationProxy.m in Sources */,
				077D114122CB414000E72B64 /* NSObject+DPLocalization.m in Sources */,
				077D116122CB414000E72B64 /* dp_gen_plural.c in Sources */,
				077D115922CB414000E72B64 /* DPLocalizationManager.m in Sources */,
				077D113F22CB414000E72B64 /* DPLocalizationBundle.m in Sources */,
				077D115F22CB414000E72B64 /* NSAttributedString+DPLocalization.m in Sources */,
			);
			runOnlyForDeploymentPostprocessing = 0;
		};
		B2EDB7B71ED5766100DF87CC /* Sources */ = {
			isa = PBXSourcesBuildPhase;
			buildActionMask = 2147483647;
			files = (
				077D115A22CB414000E72B64 /* DPLocalizationManager.m in Sources */,
				077D114422CB414000E72B64 /* DPFormattedValue.m in Sources */,
				077D116222CB414000E72B64 /* dp_gen_plural.c in Sources */,
				077D115C22CB414000E72B64 /* Plural+DPLocalization.m in Sources */,
				077D115E22CB414000E72B64 /* DPAutolocalizationProxy.m in Sources */,
				077D114222CB414000E72B64 /* NSObject+DPLocalization.m in Sources */,
				077D114022CB414000E72B64 /* DPLocalizationBundle.m in Sources */,
				077D116022CB414000E72B64 /* NSAttributedString+DPLocalization.m in Sources */,
				B286169C1ED5774000D3AB81 /* AppDelegate.m in Sources */,
			);
			runOnlyForDeploymentPostprocessing = 0;
		};
		CED8ADF11833502A007E4C60 /* Sources */ = {
			isa = PBXSourcesBuildPhase;
			buildActionMask = 2147483647;
			files = (
				CED8AE0F1833502A007E4C60 /* ViewController.m in Sources */,
				CED8AE091833502A007E4C60 /* AppDelegate.m in Sources */,
				B204BED91B37F70E00AF575F /* SecondViewController.m in Sources */,
				CED8AE051833502A007E4C60 /* main.m in Sources */,
			);
			runOnlyForDeploymentPostprocessing = 0;
		};
/* End PBXSourcesBuildPhase section */

/* Begin PBXTargetDependency section */
		B28616C11ED5797000D3AB81 /* PBXTargetDependency */ = {
			isa = PBXTargetDependency;
			target = B2EDB7841ED5749200DF87CC /* DPLocalization-iOS */;
			targetProxy = B28616C01ED5797000D3AB81 /* PBXContainerItemProxy */;
		};
		B29405731AA439180049BF70 /* PBXTargetDependency */ = {
			isa = PBXTargetDependency;
			target = CED8ADF41833502A007E4C60 /* LocalizationDemo */;
			targetProxy = B29405721AA439180049BF70 /* PBXContainerItemProxy */;
		};
		B2EDB78B1ED5749200DF87CC /* PBXTargetDependency */ = {
			isa = PBXTargetDependency;
			target = B2EDB7841ED5749200DF87CC /* DPLocalization-iOS */;
			targetProxy = B2EDB78A1ED5749200DF87CC /* PBXContainerItemProxy */;
		};
		B2EDB7C21ED5766100DF87CC /* PBXTargetDependency */ = {
			isa = PBXTargetDependency;
			target = B2EDB7BB1ED5766100DF87CC /* DPLocalization-OSX */;
			targetProxy = B2EDB7C11ED5766100DF87CC /* PBXContainerItemProxy */;
		};
/* End PBXTargetDependency section */

/* Begin PBXVariantGroup section */
		5822FA1218587335006B05DB /* Localizable1.strings */ = {
			isa = PBXVariantGroup;
			children = (
				5822FA1318587335006B05DB /* de */,
				5822FA151858733C006B05DB /* en */,
				5822FA1618587341006B05DB /* ru */,
			);
			name = Localizable1.strings;
			sourceTree = "<group>";
		};
		B292EB311B37EF9900942BC9 /* Localizable.stringsdict */ = {
			isa = PBXVariantGroup;
			children = (
				B292EB301B37EF9900942BC9 /* en */,
				B292EB321B37EF9B00942BC9 /* ru */,
			);
			name = Localizable.stringsdict;
			sourceTree = "<group>";
		};
		B29DC32B1A9AF4DC00AFE219 /* Localizable.strings */ = {
			isa = PBXVariantGroup;
			children = (
				B29DC32A1A9AF4DC00AFE219 /* en */,
				B29DC32C1A9AF4F500AFE219 /* ru */,
				B29DC32D1A9AF4F600AFE219 /* de */,
			);
			name = Localizable.strings;
			sourceTree = "<group>";
		};
		B29DC3361A9B167700AFE219 /* image.png */ = {
			isa = PBXVariantGroup;
			children = (
				B29DC3351A9B167700AFE219 /* en */,
				B29DC3371A9B167800AFE219 /* ru */,
				B29DC3381A9B167800AFE219 /* de */,
			);
			name = image.png;
			sourceTree = "<group>";
		};
		CE8DC39118C9CABF004E4BB8 /* image.png */ = {
			isa = PBXVariantGroup;
			children = (
				CE8DC39018C9CABF004E4BB8 /* en */,
				CE8DC39218C9CAC3004E4BB8 /* de */,
				CE8DC39318C9CAC4004E4BB8 /* ru */,
			);
			name = image.png;
			sourceTree = "<group>";
		};
		CED8AE3A18335121007E4C60 /* Localizable.strings */ = {
			isa = PBXVariantGroup;
			children = (
				CED8AE3B18335127007E4C60 /* en */,
				CEE81AF51833519C00627565 /* ru */,
				CEE81AF6183351A400627565 /* de */,
			);
			name = Localizable.strings;
			sourceTree = "<group>";
		};
/* End PBXVariantGroup section */

/* Begin XCBuildConfiguration section */
		B28616B21ED577F500D3AB81 /* Debug */ = {
			isa = XCBuildConfiguration;
			buildSettings = {
				ASSETCATALOG_COMPILER_APPICON_NAME = AppIcon;
				CLANG_ANALYZER_NONNULL = YES;
				CLANG_ANALYZER_NUMBER_OBJECT_CONVERSION = YES_AGGRESSIVE;
				CLANG_WARN_DOCUMENTATION_COMMENTS = YES;
				CODE_SIGN_IDENTITY = "iPhone Developer";
				"CODE_SIGN_IDENTITY[sdk=iphoneos*]" = "";
				DEBUG_INFORMATION_FORMAT = dwarf;
				DEVELOPMENT_TEAM = N2ZKNQ2E58;
				GCC_WARN_UNINITIALIZED_AUTOS = YES_AGGRESSIVE;
				INFOPLIST_FILE = LocalizationDemoSwift/Info.plist;
				IPHONEOS_DEPLOYMENT_TARGET = 10.3;
				LD_RUNPATH_SEARCH_PATHS = "$(inherited) @executable_path/Frameworks";
				MTL_ENABLE_DEBUG_INFO = YES;
				PRODUCT_BUNDLE_IDENTIFIER = ind.dmitriy.petrusevich.LocalizationDemoSwift;
				PRODUCT_NAME = "$(TARGET_NAME)";
				SDKROOT = iphoneos;
				SWIFT_ACTIVE_COMPILATION_CONDITIONS = DEBUG;
				SWIFT_OPTIMIZATION_LEVEL = "-Onone";
				SWIFT_VERSION = 3.0;
			};
			name = Debug;
		};
		B28616B31ED577F500D3AB81 /* Testing */ = {
			isa = XCBuildConfiguration;
			buildSettings = {
				ASSETCATALOG_COMPILER_APPICON_NAME = AppIcon;
				CLANG_ANALYZER_NONNULL = YES;
				CLANG_ANALYZER_NUMBER_OBJECT_CONVERSION = YES_AGGRESSIVE;
				CLANG_WARN_DOCUMENTATION_COMMENTS = YES;
				CODE_SIGN_IDENTITY = "iPhone Developer";
				"CODE_SIGN_IDENTITY[sdk=iphoneos*]" = "";
				COPY_PHASE_STRIP = NO;
				DEBUG_INFORMATION_FORMAT = "dwarf-with-dsym";
				DEVELOPMENT_TEAM = N2ZKNQ2E58;
				GCC_WARN_UNINITIALIZED_AUTOS = YES_AGGRESSIVE;
				INFOPLIST_FILE = LocalizationDemoSwift/Info.plist;
				IPHONEOS_DEPLOYMENT_TARGET = 10.3;
				LD_RUNPATH_SEARCH_PATHS = "$(inherited) @executable_path/Frameworks";
				MTL_ENABLE_DEBUG_INFO = NO;
				PRODUCT_BUNDLE_IDENTIFIER = ind.dmitriy.petrusevich.LocalizationDemoSwift;
				PRODUCT_NAME = "$(TARGET_NAME)";
				SDKROOT = iphoneos;
				SWIFT_OPTIMIZATION_LEVEL = "-Owholemodule";
				SWIFT_VERSION = 3.0;
			};
			name = Testing;
		};
		B28616B41ED577F500D3AB81 /* Release */ = {
			isa = XCBuildConfiguration;
			buildSettings = {
				ASSETCATALOG_COMPILER_APPICON_NAME = AppIcon;
				CLANG_ANALYZER_NONNULL = YES;
				CLANG_ANALYZER_NUMBER_OBJECT_CONVERSION = YES_AGGRESSIVE;
				CLANG_WARN_DOCUMENTATION_COMMENTS = YES;
				CODE_SIGN_IDENTITY = "iPhone Distribution";
				"CODE_SIGN_IDENTITY[sdk=iphoneos*]" = "";
				COPY_PHASE_STRIP = NO;
				DEBUG_INFORMATION_FORMAT = "dwarf-with-dsym";
				DEVELOPMENT_TEAM = N2ZKNQ2E58;
				GCC_WARN_UNINITIALIZED_AUTOS = YES_AGGRESSIVE;
				INFOPLIST_FILE = LocalizationDemoSwift/Info.plist;
				IPHONEOS_DEPLOYMENT_TARGET = 10.3;
				LD_RUNPATH_SEARCH_PATHS = "$(inherited) @executable_path/Frameworks";
				MTL_ENABLE_DEBUG_INFO = NO;
				PRODUCT_BUNDLE_IDENTIFIER = ind.dmitriy.petrusevich.LocalizationDemoSwift;
				PRODUCT_NAME = "$(TARGET_NAME)";
				SDKROOT = iphoneos;
				SWIFT_OPTIMIZATION_LEVEL = "-Owholemodule";
				SWIFT_VERSION = 3.0;
			};
			name = Release;
		};
		B29405741AA439180049BF70 /* Debug */ = {
			isa = XCBuildConfiguration;
			buildSettings = {
				BUNDLE_LOADER = "$(TEST_HOST)";
				CLANG_WARN_UNREACHABLE_CODE = YES;
				CODE_SIGN_IDENTITY = "iPhone Developer";
				ENABLE_STRICT_OBJC_MSGSEND = YES;
				FRAMEWORK_SEARCH_PATHS = (
					"$(SDKROOT)/Developer/Library/Frameworks",
					"$(inherited)",
				);
				GCC_WARN_UNINITIALIZED_AUTOS = YES_AGGRESSIVE;
				INFOPLIST_FILE = Tests/iOS/Info.plist;
				IPHONEOS_DEPLOYMENT_TARGET = 8.1;
				LD_RUNPATH_SEARCH_PATHS = "$(inherited) @executable_path/Frameworks @loader_path/Frameworks";
				MTL_ENABLE_DEBUG_INFO = YES;
				PRODUCT_BUNDLE_IDENTIFIER = "ind.dmitriy.petrusevich.$(PRODUCT_NAME:rfc1034identifier)";
				PRODUCT_NAME = "$(TARGET_NAME)";
				SDKROOT = iphoneos;
				TEST_HOST = "$(BUILT_PRODUCTS_DIR)/LocalizationDemo.app/LocalizationDemo";
			};
			name = Debug;
		};
		B29405751AA439180049BF70 /* Release */ = {
			isa = XCBuildConfiguration;
			buildSettings = {
				BUNDLE_LOADER = "$(TEST_HOST)";
				CLANG_WARN_UNREACHABLE_CODE = YES;
				CODE_SIGN_IDENTITY = "iPhone Distribution";
				ENABLE_STRICT_OBJC_MSGSEND = YES;
				FRAMEWORK_SEARCH_PATHS = (
					"$(SDKROOT)/Developer/Library/Frameworks",
					"$(inherited)",
				);
				GCC_WARN_UNINITIALIZED_AUTOS = YES_AGGRESSIVE;
				INFOPLIST_FILE = Tests/iOS/Info.plist;
				IPHONEOS_DEPLOYMENT_TARGET = 8.1;
				LD_RUNPATH_SEARCH_PATHS = "$(inherited) @executable_path/Frameworks @loader_path/Frameworks";
				MTL_ENABLE_DEBUG_INFO = NO;
				PRODUCT_BUNDLE_IDENTIFIER = "ind.dmitriy.petrusevich.$(PRODUCT_NAME:rfc1034identifier)";
				PRODUCT_NAME = "$(TARGET_NAME)";
				SDKROOT = iphoneos;
				TEST_HOST = "$(BUILT_PRODUCTS_DIR)/LocalizationDemo.app/LocalizationDemo";
			};
			name = Release;
		};
		B29DC3161A9AF43F00AFE219 /* Debug */ = {
			isa = XCBuildConfiguration;
			buildSettings = {
				ASSETCATALOG_COMPILER_APPICON_NAME = AppIcon;
				CLANG_WARN_UNREACHABLE_CODE = YES;
				CODE_SIGN_IDENTITY = "Mac Developer";
				COMBINE_HIDPI_IMAGES = YES;
				DEVELOPMENT_TEAM = N2ZKNQ2E58;
				ENABLE_STRICT_OBJC_MSGSEND = YES;
				GCC_WARN_UNINITIALIZED_AUTOS = YES_AGGRESSIVE;
				INFOPLIST_FILE = "LocalizationDemo-osx/Info.plist";
				LD_RUNPATH_SEARCH_PATHS = "$(inherited) @executable_path/../Frameworks";
				MACOSX_DEPLOYMENT_TARGET = 10.10;
				MTL_ENABLE_DEBUG_INFO = YES;
				PRODUCT_BUNDLE_IDENTIFIER = "ind.dmitriy.petrusevich.localization.demo-osx";
				PRODUCT_NAME = "$(TARGET_NAME)";
				PROVISIONING_PROFILE_SPECIFIER = "";
				SDKROOT = macosx;
			};
			name = Debug;
		};
		B29DC3171A9AF43F00AFE219 /* Release */ = {
			isa = XCBuildConfiguration;
			buildSettings = {
				ASSETCATALOG_COMPILER_APPICON_NAME = AppIcon;
				CLANG_WARN_UNREACHABLE_CODE = YES;
				CODE_SIGN_IDENTITY = "Mac Developer";
				COMBINE_HIDPI_IMAGES = YES;
				DEBUG_INFORMATION_FORMAT = "dwarf-with-dsym";
				DEVELOPMENT_TEAM = N2ZKNQ2E58;
				ENABLE_STRICT_OBJC_MSGSEND = YES;
				GCC_WARN_UNINITIALIZED_AUTOS = YES_AGGRESSIVE;
				INFOPLIST_FILE = "LocalizationDemo-osx/Info.plist";
				LD_RUNPATH_SEARCH_PATHS = "$(inherited) @executable_path/../Frameworks";
				MACOSX_DEPLOYMENT_TARGET = 10.10;
				MTL_ENABLE_DEBUG_INFO = NO;
				PRODUCT_BUNDLE_IDENTIFIER = "ind.dmitriy.petrusevich.localization.demo-osx";
				PRODUCT_NAME = "$(TARGET_NAME)";
				PROVISIONING_PROFILE_SPECIFIER = "";
				SDKROOT = macosx;
			};
			name = Release;
		};
		B2B8756C1AA486B500BC19F9 /* Testing */ = {
			isa = XCBuildConfiguration;
			buildSettings = {
				ALWAYS_SEARCH_USER_PATHS = NO;
				CLANG_ANALYZER_LOCALIZABILITY_NONLOCALIZED = YES;
				CLANG_CXX_LANGUAGE_STANDARD = "gnu++0x";
				CLANG_CXX_LIBRARY = "libc++";
				CLANG_ENABLE_MODULES = YES;
				CLANG_ENABLE_OBJC_ARC = YES;
				CLANG_WARN_BLOCK_CAPTURE_AUTORELEASING = YES;
				CLANG_WARN_BOOL_CONVERSION = YES;
				CLANG_WARN_COMMA = YES;
				CLANG_WARN_CONSTANT_CONVERSION = YES;
				CLANG_WARN_DIRECT_OBJC_ISA_USAGE = YES_ERROR;
				CLANG_WARN_DOCUMENTATION_COMMENTS = YES;
				CLANG_WARN_EMPTY_BODY = YES;
				CLANG_WARN_ENUM_CONVERSION = YES;
				CLANG_WARN_INFINITE_RECURSION = YES;
				CLANG_WARN_INT_CONVERSION = YES;
				CLANG_WARN_NON_LITERAL_NULL_CONVERSION = YES;
				CLANG_WARN_OBJC_LITERAL_CONVERSION = YES;
				CLANG_WARN_OBJC_ROOT_CLASS = YES_ERROR;
				CLANG_WARN_RANGE_LOOP_ANALYSIS = YES;
				CLANG_WARN_STRICT_PROTOTYPES = YES;
				CLANG_WARN_SUSPICIOUS_IMPLICIT_CONVERSION = YES_ERROR;
				CLANG_WARN_SUSPICIOUS_MOVE = YES;
				CLANG_WARN_UNREACHABLE_CODE = YES;
				CLANG_WARN__DUPLICATE_METHOD_MATCH = YES;
				COPY_PHASE_STRIP = NO;
				ENABLE_STRICT_OBJC_MSGSEND = YES;
				GCC_C_LANGUAGE_STANDARD = gnu99;
				GCC_DYNAMIC_NO_PIC = NO;
				GCC_NO_COMMON_BLOCKS = YES;
				GCC_OPTIMIZATION_LEVEL = 0;
				GCC_PREPROCESSOR_DEFINITIONS = (
					"DEBUG=1",
					"$(inherited)",
					"TESTING=1",
				);
				GCC_SYMBOLS_PRIVATE_EXTERN = NO;
				GCC_TREAT_IMPLICIT_FUNCTION_DECLARATIONS_AS_ERRORS = YES;
				GCC_WARN_64_TO_32_BIT_CONVERSION = YES;
				GCC_WARN_ABOUT_MISSING_FIELD_INITIALIZERS = YES;
				GCC_WARN_ABOUT_MISSING_PROTOTYPES = YES;
				GCC_WARN_ABOUT_RETURN_TYPE = YES_ERROR;
				GCC_WARN_UNDECLARED_SELECTOR = YES;
				GCC_WARN_UNINITIALIZED_AUTOS = YES_AGGRESSIVE;
				GCC_WARN_UNKNOWN_PRAGMAS = YES;
				GCC_WARN_UNUSED_FUNCTION = YES;
				GCC_WARN_UNUSED_VARIABLE = YES;
				IPHONEOS_DEPLOYMENT_TARGET = 8.0;
				MACOSX_DEPLOYMENT_TARGET = 10.8;
				ONLY_ACTIVE_ARCH = YES;
			};
			name = Testing;
		};
		B2B8756D1AA486B500BC19F9 /* Testing */ = {
			isa = XCBuildConfiguration;
			buildSettings = {
				ASSETCATALOG_COMPILER_APPICON_NAME = AppIcon;
				ASSETCATALOG_COMPILER_LAUNCHIMAGE_NAME = LaunchImage;
				CODE_SIGN_IDENTITY = "iPhone Developer";
				"CODE_SIGN_IDENTITY[sdk=iphoneos*]" = "iPhone Developer";
				DEVELOPMENT_TEAM = N2ZKNQ2E58;
				GCC_PRECOMPILE_PREFIX_HEADER = YES;
				GCC_PREFIX_HEADER = "LocalizationDemo/LocalizationDemo-Prefix.pch";
				INFOPLIST_FILE = "LocalizationDemo/LocalizationDemo-Info.plist";
				LD_RUNPATH_SEARCH_PATHS = "$(inherited) @executable_path/Frameworks";
				PRODUCT_BUNDLE_IDENTIFIER = ind.dmitriy.petrusevich.localization.demo;
				PRODUCT_NAME = "$(TARGET_NAME)";
				PROVISIONING_PROFILE_SPECIFIER = "";
				SDKROOT = iphoneos;
				WRAPPER_EXTENSION = app;
			};
			name = Testing;
		};
		B2B8756E1AA486B500BC19F9 /* Testing */ = {
			isa = XCBuildConfiguration;
			buildSettings = {
				ASSETCATALOG_COMPILER_APPICON_NAME = AppIcon;
				CLANG_WARN_UNREACHABLE_CODE = YES;
				CODE_SIGN_IDENTITY = "Mac Developer";
				COMBINE_HIDPI_IMAGES = YES;
				DEVELOPMENT_TEAM = N2ZKNQ2E58;
				ENABLE_STRICT_OBJC_MSGSEND = YES;
				GCC_WARN_UNINITIALIZED_AUTOS = YES_AGGRESSIVE;
				INFOPLIST_FILE = "LocalizationDemo-osx/Info.plist";
				LD_RUNPATH_SEARCH_PATHS = "$(inherited) @executable_path/../Frameworks";
				MACOSX_DEPLOYMENT_TARGET = 10.10;
				MTL_ENABLE_DEBUG_INFO = YES;
				PRODUCT_BUNDLE_IDENTIFIER = "ind.dmitriy.petrusevich.localization.demo-osx";
				PRODUCT_NAME = "$(TARGET_NAME)";
				PROVISIONING_PROFILE_SPECIFIER = "";
				SDKROOT = macosx;
			};
			name = Testing;
		};
		B2B8756F1AA486B500BC19F9 /* Testing */ = {
			isa = XCBuildConfiguration;
			buildSettings = {
				BUNDLE_LOADER = "$(TEST_HOST)";
				CLANG_WARN_UNREACHABLE_CODE = YES;
				CODE_SIGN_IDENTITY = "iPhone Developer";
				ENABLE_STRICT_OBJC_MSGSEND = YES;
				FRAMEWORK_SEARCH_PATHS = (
					"$(SDKROOT)/Developer/Library/Frameworks",
					"$(inherited)",
				);
				GCC_WARN_UNINITIALIZED_AUTOS = YES_AGGRESSIVE;
				INFOPLIST_FILE = Tests/iOS/Info.plist;
				IPHONEOS_DEPLOYMENT_TARGET = 8.1;
				LD_RUNPATH_SEARCH_PATHS = "$(inherited) @executable_path/Frameworks @loader_path/Frameworks";
				MTL_ENABLE_DEBUG_INFO = YES;
				PRODUCT_BUNDLE_IDENTIFIER = "ind.dmitriy.petrusevich.$(PRODUCT_NAME:rfc1034identifier)";
				PRODUCT_NAME = "$(TARGET_NAME)";
				SDKROOT = iphoneos;
				TEST_HOST = "$(BUILT_PRODUCTS_DIR)/LocalizationDemo.app/LocalizationDemo";
			};
			name = Testing;
		};
		B2EDB78F1ED5749200DF87CC /* Debug */ = {
			isa = XCBuildConfiguration;
			buildSettings = {
				CLANG_ANALYZER_NONNULL = YES;
				CLANG_ANALYZER_NUMBER_OBJECT_CONVERSION = YES_AGGRESSIVE;
				CLANG_WARN_DOCUMENTATION_COMMENTS = YES;
				CLANG_WARN_INFINITE_RECURSION = YES;
				CLANG_WARN_SUSPICIOUS_MOVE = YES;
				CLANG_WARN_UNREACHABLE_CODE = YES;
				CODE_SIGN_IDENTITY = "iPhone Developer";
				"CODE_SIGN_IDENTITY[sdk=iphoneos*]" = "";
				CURRENT_PROJECT_VERSION = 1;
				DEBUG_INFORMATION_FORMAT = dwarf;
				DEFINES_MODULE = YES;
				DEVELOPMENT_TEAM = "";
				DYLIB_COMPATIBILITY_VERSION = 1;
				DYLIB_CURRENT_VERSION = 1;
				DYLIB_INSTALL_NAME_BASE = "@rpath";
				ENABLE_STRICT_OBJC_MSGSEND = YES;
				ENABLE_TESTABILITY = YES;
				GCC_NO_COMMON_BLOCKS = YES;
				INFOPLIST_FILE = "DPLocalization-iOS/Info.plist";
				INSTALL_PATH = "$(LOCAL_LIBRARY_DIR)/Frameworks";
				IPHONEOS_DEPLOYMENT_TARGET = 10.3;
				LD_RUNPATH_SEARCH_PATHS = "$(inherited) @executable_path/Frameworks @loader_path/Frameworks";
				MTL_ENABLE_DEBUG_INFO = YES;
				PRODUCT_BUNDLE_IDENTIFIER = ind.dmitriy.petrusevich.localization;
				PRODUCT_NAME = DPLocalization;
				SDKROOT = iphoneos;
				SKIP_INSTALL = YES;
				TARGETED_DEVICE_FAMILY = "1,2";
				VERSIONING_SYSTEM = "apple-generic";
				VERSION_INFO_PREFIX = "";
			};
			name = Debug;
		};
		B2EDB7901ED5749200DF87CC /* Testing */ = {
			isa = XCBuildConfiguration;
			buildSettings = {
				CLANG_ANALYZER_NONNULL = YES;
				CLANG_ANALYZER_NUMBER_OBJECT_CONVERSION = YES_AGGRESSIVE;
				CLANG_WARN_DOCUMENTATION_COMMENTS = YES;
				CLANG_WARN_INFINITE_RECURSION = YES;
				CLANG_WARN_SUSPICIOUS_MOVE = YES;
				CLANG_WARN_UNREACHABLE_CODE = YES;
				CODE_SIGN_IDENTITY = "iPhone Developer";
				"CODE_SIGN_IDENTITY[sdk=iphoneos*]" = "";
				COPY_PHASE_STRIP = NO;
				CURRENT_PROJECT_VERSION = 1;
				DEBUG_INFORMATION_FORMAT = "dwarf-with-dsym";
				DEFINES_MODULE = YES;
				DEVELOPMENT_TEAM = "";
				DYLIB_COMPATIBILITY_VERSION = 1;
				DYLIB_CURRENT_VERSION = 1;
				DYLIB_INSTALL_NAME_BASE = "@rpath";
				ENABLE_STRICT_OBJC_MSGSEND = YES;
				GCC_NO_COMMON_BLOCKS = YES;
				INFOPLIST_FILE = "DPLocalization-iOS/Info.plist";
				INSTALL_PATH = "$(LOCAL_LIBRARY_DIR)/Frameworks";
				IPHONEOS_DEPLOYMENT_TARGET = 10.3;
				LD_RUNPATH_SEARCH_PATHS = "$(inherited) @executable_path/Frameworks @loader_path/Frameworks";
				MTL_ENABLE_DEBUG_INFO = NO;
				PRODUCT_BUNDLE_IDENTIFIER = ind.dmitriy.petrusevich.localization;
				PRODUCT_NAME = DPLocalization;
				SDKROOT = iphoneos;
				SKIP_INSTALL = YES;
				TARGETED_DEVICE_FAMILY = "1,2";
				VERSIONING_SYSTEM = "apple-generic";
				VERSION_INFO_PREFIX = "";
			};
			name = Testing;
		};
		B2EDB7911ED5749200DF87CC /* Release */ = {
			isa = XCBuildConfiguration;
			buildSettings = {
				CLANG_ANALYZER_NONNULL = YES;
				CLANG_ANALYZER_NUMBER_OBJECT_CONVERSION = YES_AGGRESSIVE;
				CLANG_WARN_DOCUMENTATION_COMMENTS = YES;
				CLANG_WARN_INFINITE_RECURSION = YES;
				CLANG_WARN_SUSPICIOUS_MOVE = YES;
				CLANG_WARN_UNREACHABLE_CODE = YES;
				CODE_SIGN_IDENTITY = "iPhone Distribution";
				"CODE_SIGN_IDENTITY[sdk=iphoneos*]" = "";
				COPY_PHASE_STRIP = NO;
				CURRENT_PROJECT_VERSION = 1;
				DEBUG_INFORMATION_FORMAT = "dwarf-with-dsym";
				DEFINES_MODULE = YES;
				DEVELOPMENT_TEAM = "";
				DYLIB_COMPATIBILITY_VERSION = 1;
				DYLIB_CURRENT_VERSION = 1;
				DYLIB_INSTALL_NAME_BASE = "@rpath";
				ENABLE_STRICT_OBJC_MSGSEND = YES;
				GCC_NO_COMMON_BLOCKS = YES;
				INFOPLIST_FILE = "DPLocalization-iOS/Info.plist";
				INSTALL_PATH = "$(LOCAL_LIBRARY_DIR)/Frameworks";
				IPHONEOS_DEPLOYMENT_TARGET = 10.3;
				LD_RUNPATH_SEARCH_PATHS = "$(inherited) @executable_path/Frameworks @loader_path/Frameworks";
				MTL_ENABLE_DEBUG_INFO = NO;
				PRODUCT_BUNDLE_IDENTIFIER = ind.dmitriy.petrusevich.localization;
				PRODUCT_NAME = DPLocalization;
				SDKROOT = iphoneos;
				SKIP_INSTALL = YES;
				TARGETED_DEVICE_FAMILY = "1,2";
				VERSIONING_SYSTEM = "apple-generic";
				VERSION_INFO_PREFIX = "";
			};
			name = Release;
		};
		B2EDB7C61ED5766100DF87CC /* Debug */ = {
			isa = XCBuildConfiguration;
			buildSettings = {
				CLANG_ANALYZER_NONNULL = YES;
				CLANG_ANALYZER_NUMBER_OBJECT_CONVERSION = YES_AGGRESSIVE;
				CLANG_WARN_DOCUMENTATION_COMMENTS = YES;
				CODE_SIGN_IDENTITY = "";
				COMBINE_HIDPI_IMAGES = YES;
				CURRENT_PROJECT_VERSION = 1;
				DEBUG_INFORMATION_FORMAT = dwarf;
				DEFINES_MODULE = YES;
				DEVELOPMENT_TEAM = "";
				DYLIB_COMPATIBILITY_VERSION = 1;
				DYLIB_CURRENT_VERSION = 1;
				DYLIB_INSTALL_NAME_BASE = "@rpath";
				FRAMEWORK_VERSION = A;
				INFOPLIST_FILE = "DPLocalization-OSX/Info.plist";
				INSTALL_PATH = "$(LOCAL_LIBRARY_DIR)/Frameworks";
				LD_RUNPATH_SEARCH_PATHS = "$(inherited) @executable_path/../Frameworks @loader_path/Frameworks";
				MACOSX_DEPLOYMENT_TARGET = 10.12;
				MTL_ENABLE_DEBUG_INFO = YES;
				PRODUCT_BUNDLE_IDENTIFIER = "ind.dmitriy.petrusevich.localization-osx";
				PRODUCT_NAME = DPLocalization;
				SDKROOT = macosx;
				SKIP_INSTALL = YES;
				VERSIONING_SYSTEM = "apple-generic";
				VERSION_INFO_PREFIX = "";
			};
			name = Debug;
		};
		B2EDB7C71ED5766100DF87CC /* Testing */ = {
			isa = XCBuildConfiguration;
			buildSettings = {
				CLANG_ANALYZER_NONNULL = YES;
				CLANG_ANALYZER_NUMBER_OBJECT_CONVERSION = YES_AGGRESSIVE;
				CLANG_WARN_DOCUMENTATION_COMMENTS = YES;
				CODE_SIGN_IDENTITY = "";
				COMBINE_HIDPI_IMAGES = YES;
				COPY_PHASE_STRIP = NO;
				CURRENT_PROJECT_VERSION = 1;
				DEBUG_INFORMATION_FORMAT = "dwarf-with-dsym";
				DEFINES_MODULE = YES;
				DEVELOPMENT_TEAM = "";
				DYLIB_COMPATIBILITY_VERSION = 1;
				DYLIB_CURRENT_VERSION = 1;
				DYLIB_INSTALL_NAME_BASE = "@rpath";
				FRAMEWORK_VERSION = A;
				INFOPLIST_FILE = "DPLocalization-OSX/Info.plist";
				INSTALL_PATH = "$(LOCAL_LIBRARY_DIR)/Frameworks";
				LD_RUNPATH_SEARCH_PATHS = "$(inherited) @executable_path/../Frameworks @loader_path/Frameworks";
				MACOSX_DEPLOYMENT_TARGET = 10.12;
				MTL_ENABLE_DEBUG_INFO = NO;
				PRODUCT_BUNDLE_IDENTIFIER = "ind.dmitriy.petrusevich.localization-osx";
				PRODUCT_NAME = DPLocalization;
				SDKROOT = macosx;
				SKIP_INSTALL = YES;
				VERSIONING_SYSTEM = "apple-generic";
				VERSION_INFO_PREFIX = "";
			};
			name = Testing;
		};
		B2EDB7C81ED5766100DF87CC /* Release */ = {
			isa = XCBuildConfiguration;
			buildSettings = {
				CLANG_ANALYZER_NONNULL = YES;
				CLANG_ANALYZER_NUMBER_OBJECT_CONVERSION = YES_AGGRESSIVE;
				CLANG_WARN_DOCUMENTATION_COMMENTS = YES;
				CODE_SIGN_IDENTITY = "";
				COMBINE_HIDPI_IMAGES = YES;
				COPY_PHASE_STRIP = NO;
				CURRENT_PROJECT_VERSION = 1;
				DEBUG_INFORMATION_FORMAT = "dwarf-with-dsym";
				DEFINES_MODULE = YES;
				DEVELOPMENT_TEAM = "";
				DYLIB_COMPATIBILITY_VERSION = 1;
				DYLIB_CURRENT_VERSION = 1;
				DYLIB_INSTALL_NAME_BASE = "@rpath";
				FRAMEWORK_VERSION = A;
				INFOPLIST_FILE = "DPLocalization-OSX/Info.plist";
				INSTALL_PATH = "$(LOCAL_LIBRARY_DIR)/Frameworks";
				LD_RUNPATH_SEARCH_PATHS = "$(inherited) @executable_path/../Frameworks @loader_path/Frameworks";
				MACOSX_DEPLOYMENT_TARGET = 10.12;
				MTL_ENABLE_DEBUG_INFO = NO;
				PRODUCT_BUNDLE_IDENTIFIER = "ind.dmitriy.petrusevich.localization-osx";
				PRODUCT_NAME = DPLocalization;
				SDKROOT = macosx;
				SKIP_INSTALL = YES;
				VERSIONING_SYSTEM = "apple-generic";
				VERSION_INFO_PREFIX = "";
			};
			name = Release;
		};
		CED8AE251833502A007E4C60 /* Debug */ = {
			isa = XCBuildConfiguration;
			buildSettings = {
				ALWAYS_SEARCH_USER_PATHS = NO;
				CLANG_ANALYZER_LOCALIZABILITY_NONLOCALIZED = YES;
				CLANG_CXX_LANGUAGE_STANDARD = "gnu++0x";
				CLANG_CXX_LIBRARY = "libc++";
				CLANG_ENABLE_MODULES = YES;
				CLANG_ENABLE_OBJC_ARC = YES;
				CLANG_WARN_BLOCK_CAPTURE_AUTORELEASING = YES;
				CLANG_WARN_BOOL_CONVERSION = YES;
				CLANG_WARN_COMMA = YES;
				CLANG_WARN_CONSTANT_CONVERSION = YES;
				CLANG_WARN_DIRECT_OBJC_ISA_USAGE = YES_ERROR;
				CLANG_WARN_DOCUMENTATION_COMMENTS = YES;
				CLANG_WARN_EMPTY_BODY = YES;
				CLANG_WARN_ENUM_CONVERSION = YES;
				CLANG_WARN_INFINITE_RECURSION = YES;
				CLANG_WARN_INT_CONVERSION = YES;
				CLANG_WARN_NON_LITERAL_NULL_CONVERSION = YES;
				CLANG_WARN_OBJC_LITERAL_CONVERSION = YES;
				CLANG_WARN_OBJC_ROOT_CLASS = YES_ERROR;
				CLANG_WARN_RANGE_LOOP_ANALYSIS = YES;
				CLANG_WARN_STRICT_PROTOTYPES = YES;
				CLANG_WARN_SUSPICIOUS_IMPLICIT_CONVERSION = YES_ERROR;
				CLANG_WARN_SUSPICIOUS_MOVE = YES;
				CLANG_WARN_UNREACHABLE_CODE = YES;
				CLANG_WARN__DUPLICATE_METHOD_MATCH = YES;
				COPY_PHASE_STRIP = NO;
				ENABLE_STRICT_OBJC_MSGSEND = YES;
				ENABLE_TESTABILITY = YES;
				GCC_C_LANGUAGE_STANDARD = gnu99;
				GCC_DYNAMIC_NO_PIC = NO;
				GCC_NO_COMMON_BLOCKS = YES;
				GCC_OPTIMIZATION_LEVEL = 0;
				GCC_PREPROCESSOR_DEFINITIONS = (
					"DEBUG=1",
					"$(inherited)",
				);
				GCC_SYMBOLS_PRIVATE_EXTERN = NO;
				GCC_TREAT_IMPLICIT_FUNCTION_DECLARATIONS_AS_ERRORS = YES;
				GCC_WARN_64_TO_32_BIT_CONVERSION = YES;
				GCC_WARN_ABOUT_MISSING_FIELD_INITIALIZERS = YES;
				GCC_WARN_ABOUT_MISSING_PROTOTYPES = YES;
				GCC_WARN_ABOUT_RETURN_TYPE = YES_ERROR;
				GCC_WARN_UNDECLARED_SELECTOR = YES;
				GCC_WARN_UNINITIALIZED_AUTOS = YES_AGGRESSIVE;
				GCC_WARN_UNKNOWN_PRAGMAS = YES;
				GCC_WARN_UNUSED_FUNCTION = YES;
				GCC_WARN_UNUSED_VARIABLE = YES;
				IPHONEOS_DEPLOYMENT_TARGET = 8.0;
				MACOSX_DEPLOYMENT_TARGET = 10.8;
				ONLY_ACTIVE_ARCH = YES;
			};
			name = Debug;
		};
		CED8AE261833502A007E4C60 /* Release */ = {
			isa = XCBuildConfiguration;
			buildSettings = {
				ALWAYS_SEARCH_USER_PATHS = NO;
				CLANG_ANALYZER_LOCALIZABILITY_NONLOCALIZED = YES;
				CLANG_CXX_LANGUAGE_STANDARD = "gnu++0x";
				CLANG_CXX_LIBRARY = "libc++";
				CLANG_ENABLE_MODULES = YES;
				CLANG_ENABLE_OBJC_ARC = YES;
				CLANG_WARN_BLOCK_CAPTURE_AUTORELEASING = YES;
				CLANG_WARN_BOOL_CONVERSION = YES;
				CLANG_WARN_COMMA = YES;
				CLANG_WARN_CONSTANT_CONVERSION = YES;
				CLANG_WARN_DIRECT_OBJC_ISA_USAGE = YES_ERROR;
				CLANG_WARN_DOCUMENTATION_COMMENTS = YES;
				CLANG_WARN_EMPTY_BODY = YES;
				CLANG_WARN_ENUM_CONVERSION = YES;
				CLANG_WARN_INFINITE_RECURSION = YES;
				CLANG_WARN_INT_CONVERSION = YES;
				CLANG_WARN_NON_LITERAL_NULL_CONVERSION = YES;
				CLANG_WARN_OBJC_LITERAL_CONVERSION = YES;
				CLANG_WARN_OBJC_ROOT_CLASS = YES_ERROR;
				CLANG_WARN_RANGE_LOOP_ANALYSIS = YES;
				CLANG_WARN_STRICT_PROTOTYPES = YES;
				CLANG_WARN_SUSPICIOUS_IMPLICIT_CONVERSION = YES_ERROR;
				CLANG_WARN_SUSPICIOUS_MOVE = YES;
				CLANG_WARN_UNREACHABLE_CODE = YES;
				CLANG_WARN__DUPLICATE_METHOD_MATCH = YES;
				COPY_PHASE_STRIP = YES;
				ENABLE_NS_ASSERTIONS = NO;
				ENABLE_STRICT_OBJC_MSGSEND = YES;
				GCC_C_LANGUAGE_STANDARD = gnu99;
				GCC_NO_COMMON_BLOCKS = YES;
				GCC_TREAT_IMPLICIT_FUNCTION_DECLARATIONS_AS_ERRORS = YES;
				GCC_WARN_64_TO_32_BIT_CONVERSION = YES;
				GCC_WARN_ABOUT_MISSING_FIELD_INITIALIZERS = YES;
				GCC_WARN_ABOUT_MISSING_PROTOTYPES = YES;
				GCC_WARN_ABOUT_RETURN_TYPE = YES_ERROR;
				GCC_WARN_UNDECLARED_SELECTOR = YES;
				GCC_WARN_UNINITIALIZED_AUTOS = YES_AGGRESSIVE;
				GCC_WARN_UNKNOWN_PRAGMAS = YES;
				GCC_WARN_UNUSED_FUNCTION = YES;
				GCC_WARN_UNUSED_VARIABLE = YES;
				IPHONEOS_DEPLOYMENT_TARGET = 8.0;
				MACOSX_DEPLOYMENT_TARGET = 10.8;
				SWIFT_OPTIMIZATION_LEVEL = "-Owholemodule";
				VALIDATE_PRODUCT = YES;
			};
			name = Release;
		};
		CED8AE281833502A007E4C60 /* Debug */ = {
			isa = XCBuildConfiguration;
			buildSettings = {
				ASSETCATALOG_COMPILER_APPICON_NAME = AppIcon;
				ASSETCATALOG_COMPILER_LAUNCHIMAGE_NAME = LaunchImage;
				CODE_SIGN_IDENTITY = "iPhone Developer";
				"CODE_SIGN_IDENTITY[sdk=iphoneos*]" = "iPhone Developer";
				DEVELOPMENT_TEAM = N2ZKNQ2E58;
				GCC_PRECOMPILE_PREFIX_HEADER = YES;
				GCC_PREFIX_HEADER = "LocalizationDemo/LocalizationDemo-Prefix.pch";
				INFOPLIST_FILE = "LocalizationDemo/LocalizationDemo-Info.plist";
				LD_RUNPATH_SEARCH_PATHS = "$(inherited) @executable_path/Frameworks";
				PRODUCT_BUNDLE_IDENTIFIER = ind.dmitriy.petrusevich.localization.demo;
				PRODUCT_NAME = "$(TARGET_NAME)";
				PROVISIONING_PROFILE_SPECIFIER = "";
				SDKROOT = iphoneos;
				WRAPPER_EXTENSION = app;
			};
			name = Debug;
		};
		CED8AE291833502A007E4C60 /* Release */ = {
			isa = XCBuildConfiguration;
			buildSettings = {
				ASSETCATALOG_COMPILER_APPICON_NAME = AppIcon;
				ASSETCATALOG_COMPILER_LAUNCHIMAGE_NAME = LaunchImage;
				CODE_SIGN_IDENTITY = "iPhone Distribution";
				"CODE_SIGN_IDENTITY[sdk=iphoneos*]" = "iPhone Developer";
				DEVELOPMENT_TEAM = N2ZKNQ2E58;
				GCC_PRECOMPILE_PREFIX_HEADER = YES;
				GCC_PREFIX_HEADER = "LocalizationDemo/LocalizationDemo-Prefix.pch";
				INFOPLIST_FILE = "LocalizationDemo/LocalizationDemo-Info.plist";
				LD_RUNPATH_SEARCH_PATHS = "$(inherited) @executable_path/Frameworks";
				PRODUCT_BUNDLE_IDENTIFIER = ind.dmitriy.petrusevich.localization.demo;
				PRODUCT_NAME = "$(TARGET_NAME)";
				PROVISIONING_PROFILE_SPECIFIER = "";
				SDKROOT = iphoneos;
				WRAPPER_EXTENSION = app;
			};
			name = Release;
		};
/* End XCBuildConfiguration section */

/* Begin XCConfigurationList section */
		B28616B11ED577F500D3AB81 /* Build configuration list for PBXNativeTarget "LocalizationDemoSwift" */ = {
			isa = XCConfigurationList;
			buildConfigurations = (
				B28616B21ED577F500D3AB81 /* Debug */,
				B28616B31ED577F500D3AB81 /* Testing */,
				B28616B41ED577F500D3AB81 /* Release */,
			);
			defaultConfigurationIsVisible = 0;
			defaultConfigurationName = Release;
		};
		B29405761AA439180049BF70 /* Build configuration list for PBXNativeTarget "Localization Tests iOS" */ = {
			isa = XCConfigurationList;
			buildConfigurations = (
				B29405741AA439180049BF70 /* Debug */,
				B2B8756F1AA486B500BC19F9 /* Testing */,
				B29405751AA439180049BF70 /* Release */,
			);
			defaultConfigurationIsVisible = 0;
			defaultConfigurationName = Release;
		};
		B29DC3151A9AF43F00AFE219 /* Build configuration list for PBXNativeTarget "LocalizationDemo-osx" */ = {
			isa = XCConfigurationList;
			buildConfigurations = (
				B29DC3161A9AF43F00AFE219 /* Debug */,
				B2B8756E1AA486B500BC19F9 /* Testing */,
				B29DC3171A9AF43F00AFE219 /* Release */,
			);
			defaultConfigurationIsVisible = 0;
			defaultConfigurationName = Release;
		};
		B2EDB78E1ED5749200DF87CC /* Build configuration list for PBXNativeTarget "DPLocalization-iOS" */ = {
			isa = XCConfigurationList;
			buildConfigurations = (
				B2EDB78F1ED5749200DF87CC /* Debug */,
				B2EDB7901ED5749200DF87CC /* Testing */,
				B2EDB7911ED5749200DF87CC /* Release */,
			);
			defaultConfigurationIsVisible = 0;
			defaultConfigurationName = Release;
		};
		B2EDB7C51ED5766100DF87CC /* Build configuration list for PBXNativeTarget "DPLocalization-OSX" */ = {
			isa = XCConfigurationList;
			buildConfigurations = (
				B2EDB7C61ED5766100DF87CC /* Debug */,
				B2EDB7C71ED5766100DF87CC /* Testing */,
				B2EDB7C81ED5766100DF87CC /* Release */,
			);
			defaultConfigurationIsVisible = 0;
			defaultConfigurationName = Release;
		};
		CED8ADF01833502A007E4C60 /* Build configuration list for PBXProject "LocalizationDemo" */ = {
			isa = XCConfigurationList;
			buildConfigurations = (
				CED8AE251833502A007E4C60 /* Debug */,
				B2B8756C1AA486B500BC19F9 /* Testing */,
				CED8AE261833502A007E4C60 /* Release */,
			);
			defaultConfigurationIsVisible = 0;
			defaultConfigurationName = Release;
		};
		CED8AE271833502A007E4C60 /* Build configuration list for PBXNativeTarget "LocalizationDemo" */ = {
			isa = XCConfigurationList;
			buildConfigurations = (
				CED8AE281833502A007E4C60 /* Debug */,
				B2B8756D1AA486B500BC19F9 /* Testing */,
				CED8AE291833502A007E4C60 /* Release */,
			);
			defaultConfigurationIsVisible = 0;
			defaultConfigurationName = Release;
		};
/* End XCConfigurationList section */
	};
	rootObject = CED8ADED1833502A007E4C60 /* Project object */;
}
