// !$*UTF8*$!
{
	archiveVersion = 1;
	classes = {
	};
	objectVersion = 46;
	objects = {

/* Begin PBXBuildFile section */
		5822FA1418587335006B05DB /* Localizable1.strings in Resources */ = {isa = PBXBuildFile; fileRef = 5822FA1218587335006B05DB /* Localizable1.strings */; };
		A2A866B01B64FF6E00F57D37 /* NSAttributedString+DPLocalization.m in Sources */ = {isa = PBXBuildFile; fileRef = A2A866AA1B64FF6E00F57D37 /* NSAttributedString+DPLocalization.m */; };
		A2A866B11B64FF6E00F57D37 /* NSObject+DPLocalization.m in Sources */ = {isa = PBXBuildFile; fileRef = A2A866AC1B64FF6E00F57D37 /* NSObject+DPLocalization.m */; };
		A2A866B21B64FF6E00F57D37 /* DPAutolocalizationProxy.m in Sources */ = {isa = PBXBuildFile; fileRef = A2A866AF1B64FF6E00F57D37 /* DPAutolocalizationProxy.m */; };
		B203935E1B41496600F30C6A /* dp_gen_plural.c in Sources */ = {isa = PBXBuildFile; fileRef = B203935C1B41496600F30C6A /* dp_gen_plural.c */; };
		B204BED91B37F70E00AF575F /* SecondViewController.m in Sources */ = {isa = PBXBuildFile; fileRef = B204BED81B37F70E00AF575F /* SecondViewController.m */; };
		B21CE18B1B414E9400D6E9FA /* dp_gen_plural.c in Sources */ = {isa = PBXBuildFile; fileRef = B203935C1B41496600F30C6A /* dp_gen_plural.c */; };
		B21CE18C1B414E9400D6E9FA /* Plural+DPLocalization.m in Sources */ = {isa = PBXBuildFile; fileRef = B23048791B3BCF220060BC1D /* Plural+DPLocalization.m */; };
		B230487A1B3BCF220060BC1D /* Plural+DPLocalization.m in Sources */ = {isa = PBXBuildFile; fileRef = B23048791B3BCF220060BC1D /* Plural+DPLocalization.m */; };
		B292EB2F1B37EF9900942BC9 /* Localizable.stringsdict in Resources */ = {isa = PBXBuildFile; fileRef = B292EB311B37EF9900942BC9 /* Localizable.stringsdict */; };
		B294057F1AA439DF0049BF70 /* BasicManagerTests.m in Sources */ = {isa = PBXBuildFile; fileRef = B294057E1AA439DF0049BF70 /* BasicManagerTests.m */; };
		B29405811AA4504B0049BF70 /* BasicNSObjectTests.m in Sources */ = {isa = PBXBuildFile; fileRef = B29405801AA4504B0049BF70 /* BasicNSObjectTests.m */; };
		B29405861AA450DF0049BF70 /* UIKitExtensionTests.m in Sources */ = {isa = PBXBuildFile; fileRef = B29405841AA450DF0049BF70 /* UIKitExtensionTests.m */; };
		B29405881AA464650049BF70 /* BasicProxyTests.m in Sources */ = {isa = PBXBuildFile; fileRef = B29405871AA464650049BF70 /* BasicProxyTests.m */; };
		B294058B1AA46DD20049BF70 /* TestObject.m in Sources */ = {isa = PBXBuildFile; fileRef = B294058A1AA46DD20049BF70 /* TestObject.m */; };
		B29DC3221A9AF46A00AFE219 /* AppDelegate.m in Sources */ = {isa = PBXBuildFile; fileRef = B29DC31D1A9AF46A00AFE219 /* AppDelegate.m */; };
		B29DC3231A9AF46A00AFE219 /* Images.xcassets in Resources */ = {isa = PBXBuildFile; fileRef = B29DC31E1A9AF46A00AFE219 /* Images.xcassets */; };
		B29DC3251A9AF46A00AFE219 /* main.m in Sources */ = {isa = PBXBuildFile; fileRef = B29DC3201A9AF46A00AFE219 /* main.m */; };
		B29DC3261A9AF46A00AFE219 /* MainMenu.xib in Resources */ = {isa = PBXBuildFile; fileRef = B29DC3211A9AF46A00AFE219 /* MainMenu.xib */; };
		B29DC3291A9AF4DC00AFE219 /* Localizable.strings in Resources */ = {isa = PBXBuildFile; fileRef = B29DC32B1A9AF4DC00AFE219 /* Localizable.strings */; };
		B29DC32E1A9AF53300AFE219 /* DPLocalizationManager.m in Sources */ = {isa = PBXBuildFile; fileRef = CE3D78C21835EAA10012CA3D /* DPLocalizationManager.m */; };
		B29DC3341A9B167700AFE219 /* image.png in Resources */ = {isa = PBXBuildFile; fileRef = B29DC3361A9B167700AFE219 /* image.png */; };
		B2B6D5081B4280A700EC46BA /* DPFormattedValue.m in Sources */ = {isa = PBXBuildFile; fileRef = B2B6D5071B4280A700EC46BA /* DPFormattedValue.m */; };
		B2B6D5091B4280A700EC46BA /* DPFormattedValue.m in Sources */ = {isa = PBXBuildFile; fileRef = B2B6D5071B4280A700EC46BA /* DPFormattedValue.m */; };
		CE3D78C51835EAA10012CA3D /* DPLocalizationManager.m in Sources */ = {isa = PBXBuildFile; fileRef = CE3D78C21835EAA10012CA3D /* DPLocalizationManager.m */; };
		CE8DC38F18C9CABF004E4BB8 /* image.png in Resources */ = {isa = PBXBuildFile; fileRef = CE8DC39118C9CABF004E4BB8 /* image.png */; };
		CED1C4FB1845F3DD003014E7 /* Settings.bundle in Resources */ = {isa = PBXBuildFile; fileRef = CED1C4FA1845F3DD003014E7 /* Settings.bundle */; };
		CED8ADF91833502A007E4C60 /* Foundation.framework in Frameworks */ = {isa = PBXBuildFile; fileRef = CED8ADF81833502A007E4C60 /* Foundation.framework */; };
		CED8ADFB1833502A007E4C60 /* CoreGraphics.framework in Frameworks */ = {isa = PBXBuildFile; fileRef = CED8ADFA1833502A007E4C60 /* CoreGraphics.framework */; };
		CED8ADFD1833502A007E4C60 /* UIKit.framework in Frameworks */ = {isa = PBXBuildFile; fileRef = CED8ADFC1833502A007E4C60 /* UIKit.framework */; };
		CED8AE051833502A007E4C60 /* main.m in Sources */ = {isa = PBXBuildFile; fileRef = CED8AE041833502A007E4C60 /* main.m */; };
		CED8AE091833502A007E4C60 /* AppDelegate.m in Sources */ = {isa = PBXBuildFile; fileRef = CED8AE081833502A007E4C60 /* AppDelegate.m */; };
		CED8AE0F1833502A007E4C60 /* ViewController.m in Sources */ = {isa = PBXBuildFile; fileRef = CED8AE0E1833502A007E4C60 /* ViewController.m */; };
		CED8AE111833502A007E4C60 /* Images.xcassets in Resources */ = {isa = PBXBuildFile; fileRef = CED8AE101833502A007E4C60 /* Images.xcassets */; };
		CED8AE2E18335082007E4C60 /* Main.storyboard in Resources */ = {isa = PBXBuildFile; fileRef = CED8AE2D18335082007E4C60 /* Main.storyboard */; };
		CED8AE3818335121007E4C60 /* Localizable.strings in Resources */ = {isa = PBXBuildFile; fileRef = CED8AE3A18335121007E4C60 /* Localizable.strings */; };
/* End PBXBuildFile section */

/* Begin PBXContainerItemProxy section */
		B29405721AA439180049BF70 /* PBXContainerItemProxy */ = {
			isa = PBXContainerItemProxy;
			containerPortal = CED8ADED1833502A007E4C60 /* Project object */;
			proxyType = 1;
			remoteGlobalIDString = CED8ADF41833502A007E4C60;
			remoteInfo = LocalizationDemo;
		};
/* End PBXContainerItemProxy section */

/* Begin PBXFileReference section */
		5822FA1318587335006B05DB /* de */ = {isa = PBXFileReference; lastKnownFileType = text.plist.strings; name = de; path = de.lproj/Localizable1.strings; sourceTree = "<group>"; };
		5822FA151858733C006B05DB /* en */ = {isa = PBXFileReference; lastKnownFileType = text.plist.strings; name = en; path = en.lproj/Localizable1.strings; sourceTree = "<group>"; };
		5822FA1618587341006B05DB /* ru */ = {isa = PBXFileReference; lastKnownFileType = text.plist.strings; name = ru; path = ru.lproj/Localizable1.strings; sourceTree = "<group>"; };
		A2A866A71B64FE6400F57D37 /* DPLocalization.h */ = {isa = PBXFileReference; lastKnownFileType = sourcecode.c.h; path = DPLocalization.h; sourceTree = "<group>"; };
		A2A866A91B64FF6E00F57D37 /* NSAttributedString+DPLocalization.h */ = {isa = PBXFileReference; fileEncoding = 4; lastKnownFileType = sourcecode.c.h; path = "NSAttributedString+DPLocalization.h"; sourceTree = "<group>"; };
		A2A866AA1B64FF6E00F57D37 /* NSAttributedString+DPLocalization.m */ = {isa = PBXFileReference; fileEncoding = 4; lastKnownFileType = sourcecode.c.objc; path = "NSAttributedString+DPLocalization.m"; sourceTree = "<group>"; };
		A2A866AB1B64FF6E00F57D37 /* NSObject+DPLocalization.h */ = {isa = PBXFileReference; fileEncoding = 4; lastKnownFileType = sourcecode.c.h; path = "NSObject+DPLocalization.h"; sourceTree = "<group>"; };
		A2A866AC1B64FF6E00F57D37 /* NSObject+DPLocalization.m */ = {isa = PBXFileReference; fileEncoding = 4; lastKnownFileType = sourcecode.c.objc; path = "NSObject+DPLocalization.m"; sourceTree = "<group>"; };
		A2A866AE1B64FF6E00F57D37 /* DPAutolocalizationProxy.h */ = {isa = PBXFileReference; fileEncoding = 4; lastKnownFileType = sourcecode.c.h; path = DPAutolocalizationProxy.h; sourceTree = "<group>"; };
		A2A866AF1B64FF6E00F57D37 /* DPAutolocalizationProxy.m */ = {isa = PBXFileReference; fileEncoding = 4; lastKnownFileType = sourcecode.c.objc; path = DPAutolocalizationProxy.m; sourceTree = "<group>"; };
		B203935C1B41496600F30C6A /* dp_gen_plural.c */ = {isa = PBXFileReference; fileEncoding = 4; lastKnownFileType = sourcecode.c.c; path = dp_gen_plural.c; sourceTree = "<group>"; };
		B203935D1B41496600F30C6A /* dp_gen_plural.h */ = {isa = PBXFileReference; fileEncoding = 4; lastKnownFileType = sourcecode.c.h; path = dp_gen_plural.h; sourceTree = "<group>"; };
		B204BED71B37F70E00AF575F /* SecondViewController.h */ = {isa = PBXFileReference; fileEncoding = 4; lastKnownFileType = sourcecode.c.h; path = SecondViewController.h; sourceTree = "<group>"; };
		B204BED81B37F70E00AF575F /* SecondViewController.m */ = {isa = PBXFileReference; fileEncoding = 4; lastKnownFileType = sourcecode.c.objc; path = SecondViewController.m; sourceTree = "<group>"; };
		B21CE1891B414E8A00D6E9FA /* parser.py */ = {isa = PBXFileReference; lastKnownFileType = text.script.python; path = parser.py; sourceTree = "<group>"; };
		B21CE18A1B414E8A00D6E9FA /* plurals.xml */ = {isa = PBXFileReference; lastKnownFileType = text.xml; path = plurals.xml; sourceTree = "<group>"; };
		B21CE18D1B41502900D6E9FA /* CHANGELOG.md */ = {isa = PBXFileReference; lastKnownFileType = net.daringfireball.markdown; name = CHANGELOG.md; path = ../CHANGELOG.md; sourceTree = "<group>"; };
		B21CE18E1B41502900D6E9FA /* DPLocalization.podspec */ = {isa = PBXFileReference; lastKnownFileType = text; name = DPLocalization.podspec; path = ../DPLocalization.podspec; sourceTree = "<group>"; };
		B21CE18F1B41502900D6E9FA /* README.md */ = {isa = PBXFileReference; lastKnownFileType = net.daringfireball.markdown; name = README.md; path = ../README.md; sourceTree = "<group>"; };
		B23048781B3BCD4F0060BC1D /* Plural+DPLocalization.h */ = {isa = PBXFileReference; lastKnownFileType = sourcecode.c.h; path = "Plural+DPLocalization.h"; sourceTree = "<group>"; };
		B23048791B3BCF220060BC1D /* Plural+DPLocalization.m */ = {isa = PBXFileReference; fileEncoding = 4; lastKnownFileType = sourcecode.c.objc; path = "Plural+DPLocalization.m"; sourceTree = "<group>"; };
		B25BE37F1A93261100B0A82F /* DPLocalizationPlatforms.h */ = {isa = PBXFileReference; fileEncoding = 4; lastKnownFileType = sourcecode.c.h; path = DPLocalizationPlatforms.h; sourceTree = "<group>"; };
		B292EB301B37EF9900942BC9 /* en */ = {isa = PBXFileReference; lastKnownFileType = text.xml; name = en; path = en.lproj/Localizable.stringsdict; sourceTree = "<group>"; };
		B292EB321B37EF9B00942BC9 /* ru */ = {isa = PBXFileReference; lastKnownFileType = text.xml; name = ru; path = ru.lproj/Localizable.stringsdict; sourceTree = "<group>"; };
		B294056C1AA439180049BF70 /* Localization Tests iOS.xctest */ = {isa = PBXFileReference; explicitFileType = wrapper.cfbundle; includeInIndex = 0; path = "Localization Tests iOS.xctest"; sourceTree = BUILT_PRODUCTS_DIR; };
		B294057E1AA439DF0049BF70 /* BasicManagerTests.m */ = {isa = PBXFileReference; fileEncoding = 4; lastKnownFileType = sourcecode.c.objc; path = BasicManagerTests.m; sourceTree = "<group>"; };
		B29405801AA4504B0049BF70 /* BasicNSObjectTests.m */ = {isa = PBXFileReference; fileEncoding = 4; lastKnownFileType = sourcecode.c.objc; path = BasicNSObjectTests.m; sourceTree = "<group>"; };
		B29405831AA450DF0049BF70 /* Info.plist */ = {isa = PBXFileReference; fileEncoding = 4; lastKnownFileType = text.plist.xml; path = Info.plist; sourceTree = "<group>"; };
		B29405841AA450DF0049BF70 /* UIKitExtensionTests.m */ = {isa = PBXFileReference; fileEncoding = 4; lastKnownFileType = sourcecode.c.objc; path = UIKitExtensionTests.m; sourceTree = "<group>"; };
		B29405871AA464650049BF70 /* BasicProxyTests.m */ = {isa = PBXFileReference; fileEncoding = 4; lastKnownFileType = sourcecode.c.objc; path = BasicProxyTests.m; sourceTree = "<group>"; };
		B29405891AA46DD20049BF70 /* TestObject.h */ = {isa = PBXFileReference; fileEncoding = 4; lastKnownFileType = sourcecode.c.h; path = TestObject.h; sourceTree = "<group>"; };
		B294058A1AA46DD20049BF70 /* TestObject.m */ = {isa = PBXFileReference; fileEncoding = 4; lastKnownFileType = sourcecode.c.objc; path = TestObject.m; sourceTree = "<group>"; };
		B29DC2FB1A9AF43E00AFE219 /* LocalizationDemo-osx.app */ = {isa = PBXFileReference; explicitFileType = wrapper.application; includeInIndex = 0; path = "LocalizationDemo-osx.app"; sourceTree = BUILT_PRODUCTS_DIR; };
		B29DC31C1A9AF46A00AFE219 /* AppDelegate.h */ = {isa = PBXFileReference; fileEncoding = 4; lastKnownFileType = sourcecode.c.h; path = AppDelegate.h; sourceTree = "<group>"; };
		B29DC31D1A9AF46A00AFE219 /* AppDelegate.m */ = {isa = PBXFileReference; fileEncoding = 4; lastKnownFileType = sourcecode.c.objc; path = AppDelegate.m; sourceTree = "<group>"; };
		B29DC31E1A9AF46A00AFE219 /* Images.xcassets */ = {isa = PBXFileReference; lastKnownFileType = folder.assetcatalog; path = Images.xcassets; sourceTree = "<group>"; };
		B29DC31F1A9AF46A00AFE219 /* Info.plist */ = {isa = PBXFileReference; fileEncoding = 4; lastKnownFileType = text.plist.xml; path = Info.plist; sourceTree = "<group>"; };
		B29DC3201A9AF46A00AFE219 /* main.m */ = {isa = PBXFileReference; fileEncoding = 4; lastKnownFileType = sourcecode.c.objc; path = main.m; sourceTree = "<group>"; };
		B29DC3211A9AF46A00AFE219 /* MainMenu.xib */ = {isa = PBXFileReference; fileEncoding = 4; lastKnownFileType = file.xib; path = MainMenu.xib; sourceTree = "<group>"; };
		B29DC32A1A9AF4DC00AFE219 /* en */ = {isa = PBXFileReference; lastKnownFileType = text.plist.strings; name = en; path = en.lproj/Localizable.strings; sourceTree = "<group>"; };
		B29DC32C1A9AF4F500AFE219 /* ru */ = {isa = PBXFileReference; lastKnownFileType = text.plist.strings; name = ru; path = ru.lproj/Localizable.strings; sourceTree = "<group>"; };
		B29DC32D1A9AF4F600AFE219 /* de */ = {isa = PBXFileReference; lastKnownFileType = text.plist.strings; name = de; path = de.lproj/Localizable.strings; sourceTree = "<group>"; };
		B29DC3351A9B167700AFE219 /* en */ = {isa = PBXFileReference; lastKnownFileType = image.png; name = en; path = en.lproj/image.png; sourceTree = "<group>"; };
		B29DC3371A9B167800AFE219 /* ru */ = {isa = PBXFileReference; lastKnownFileType = image.png; name = ru; path = ru.lproj/image.png; sourceTree = "<group>"; };
		B29DC3381A9B167800AFE219 /* de */ = {isa = PBXFileReference; lastKnownFileType = image.png; name = de; path = de.lproj/image.png; sourceTree = "<group>"; };
		B2B6D5061B4280A700EC46BA /* DPFormattedValue.h */ = {isa = PBXFileReference; fileEncoding = 4; lastKnownFileType = sourcecode.c.h; path = DPFormattedValue.h; sourceTree = "<group>"; };
		B2B6D5071B4280A700EC46BA /* DPFormattedValue.m */ = {isa = PBXFileReference; fileEncoding = 4; lastKnownFileType = sourcecode.c.objc; path = DPFormattedValue.m; sourceTree = "<group>"; };
		CE3D78C11835EAA10012CA3D /* DPLocalizationManager.h */ = {isa = PBXFileReference; fileEncoding = 4; lastKnownFileType = sourcecode.c.h; path = DPLocalizationManager.h; sourceTree = "<group>"; };
		CE3D78C21835EAA10012CA3D /* DPLocalizationManager.m */ = {isa = PBXFileReference; fileEncoding = 4; lastKnownFileType = sourcecode.c.objc; path = DPLocalizationManager.m; sourceTree = "<group>"; };
		CE8DC39018C9CABF004E4BB8 /* en */ = {isa = PBXFileReference; lastKnownFileType = image.png; name = en; path = en.lproj/image.png; sourceTree = "<group>"; };
		CE8DC39218C9CAC3004E4BB8 /* de */ = {isa = PBXFileReference; lastKnownFileType = image.png; name = de; path = de.lproj/image.png; sourceTree = "<group>"; };
		CE8DC39318C9CAC4004E4BB8 /* ru */ = {isa = PBXFileReference; lastKnownFileType = image.png; name = ru; path = ru.lproj/image.png; sourceTree = "<group>"; };
		CED1C4FA1845F3DD003014E7 /* Settings.bundle */ = {isa = PBXFileReference; lastKnownFileType = "wrapper.plug-in"; path = Settings.bundle; sourceTree = "<group>"; };
		CED8ADF51833502A007E4C60 /* LocalizationDemo.app */ = {isa = PBXFileReference; explicitFileType = wrapper.application; includeInIndex = 0; path = LocalizationDemo.app; sourceTree = BUILT_PRODUCTS_DIR; };
		CED8ADF81833502A007E4C60 /* Foundation.framework */ = {isa = PBXFileReference; lastKnownFileType = wrapper.framework; name = Foundation.framework; path = System/Library/Frameworks/Foundation.framework; sourceTree = SDKROOT; };
		CED8ADFA1833502A007E4C60 /* CoreGraphics.framework */ = {isa = PBXFileReference; lastKnownFileType = wrapper.framework; name = CoreGraphics.framework; path = System/Library/Frameworks/CoreGraphics.framework; sourceTree = SDKROOT; };
		CED8ADFC1833502A007E4C60 /* UIKit.framework */ = {isa = PBXFileReference; lastKnownFileType = wrapper.framework; name = UIKit.framework; path = System/Library/Frameworks/UIKit.framework; sourceTree = SDKROOT; };
		CED8AE001833502A007E4C60 /* LocalizationDemo-Info.plist */ = {isa = PBXFileReference; lastKnownFileType = text.plist.xml; path = "LocalizationDemo-Info.plist"; sourceTree = "<group>"; };
		CED8AE041833502A007E4C60 /* main.m */ = {isa = PBXFileReference; lastKnownFileType = sourcecode.c.objc; path = main.m; sourceTree = "<group>"; };
		CED8AE061833502A007E4C60 /* LocalizationDemo-Prefix.pch */ = {isa = PBXFileReference; lastKnownFileType = sourcecode.c.h; path = "LocalizationDemo-Prefix.pch"; sourceTree = "<group>"; };
		CED8AE071833502A007E4C60 /* AppDelegate.h */ = {isa = PBXFileReference; lastKnownFileType = sourcecode.c.h; path = AppDelegate.h; sourceTree = "<group>"; };
		CED8AE081833502A007E4C60 /* AppDelegate.m */ = {isa = PBXFileReference; lastKnownFileType = sourcecode.c.objc; path = AppDelegate.m; sourceTree = "<group>"; };
		CED8AE0D1833502A007E4C60 /* ViewController.h */ = {isa = PBXFileReference; lastKnownFileType = sourcecode.c.h; path = ViewController.h; sourceTree = "<group>"; };
		CED8AE0E1833502A007E4C60 /* ViewController.m */ = {isa = PBXFileReference; lastKnownFileType = sourcecode.c.objc; path = ViewController.m; sourceTree = "<group>"; };
		CED8AE101833502A007E4C60 /* Images.xcassets */ = {isa = PBXFileReference; lastKnownFileType = folder.assetcatalog; path = Images.xcassets; sourceTree = "<group>"; };
		CED8AE171833502A007E4C60 /* XCTest.framework */ = {isa = PBXFileReference; lastKnownFileType = wrapper.framework; name = XCTest.framework; path = Library/Frameworks/XCTest.framework; sourceTree = DEVELOPER_DIR; };
		CED8AE2D18335082007E4C60 /* Main.storyboard */ = {isa = PBXFileReference; fileEncoding = 4; lastKnownFileType = file.storyboard; path = Main.storyboard; sourceTree = "<group>"; };
		CED8AE3B18335127007E4C60 /* en */ = {isa = PBXFileReference; lastKnownFileType = text.plist.strings; name = en; path = en.lproj/Localizable.strings; sourceTree = "<group>"; };
		CEE81AF51833519C00627565 /* ru */ = {isa = PBXFileReference; lastKnownFileType = text.plist.strings; name = ru; path = ru.lproj/Localizable.strings; sourceTree = "<group>"; };
		CEE81AF6183351A400627565 /* de */ = {isa = PBXFileReference; lastKnownFileType = text.plist.strings; name = de; path = de.lproj/Localizable.strings; sourceTree = "<group>"; };
/* End PBXFileReference section */

/* Begin PBXFrameworksBuildPhase section */
		B29405691AA439180049BF70 /* Frameworks */ = {
			isa = PBXFrameworksBuildPhase;
			buildActionMask = 2147483647;
			files = (
			);
			runOnlyForDeploymentPostprocessing = 0;
		};
		B29DC2F81A9AF43E00AFE219 /* Frameworks */ = {
			isa = PBXFrameworksBuildPhase;
			buildActionMask = 2147483647;
			files = (
			);
			runOnlyForDeploymentPostprocessing = 0;
		};
		CED8ADF21833502A007E4C60 /* Frameworks */ = {
			isa = PBXFrameworksBuildPhase;
			buildActionMask = 2147483647;
			files = (
				CED8ADFB1833502A007E4C60 /* CoreGraphics.framework in Frameworks */,
				CED8ADFD1833502A007E4C60 /* UIKit.framework in Frameworks */,
				CED8ADF91833502A007E4C60 /* Foundation.framework in Frameworks */,
			);
			runOnlyForDeploymentPostprocessing = 0;
		};
/* End PBXFrameworksBuildPhase section */

/* Begin PBXGroup section */
		A2A866A81B64FF6E00F57D37 /* Categories */ = {
			isa = PBXGroup;
			children = (
				A2A866A91B64FF6E00F57D37 /* NSAttributedString+DPLocalization.h */,
				A2A866AA1B64FF6E00F57D37 /* NSAttributedString+DPLocalization.m */,
				A2A866AB1B64FF6E00F57D37 /* NSObject+DPLocalization.h */,
				A2A866AC1B64FF6E00F57D37 /* NSObject+DPLocalization.m */,
			);
			path = Categories;
			sourceTree = "<group>";
		};
		A2A866AD1B64FF6E00F57D37 /* Proxy */ = {
			isa = PBXGroup;
			children = (
				A2A866AE1B64FF6E00F57D37 /* DPAutolocalizationProxy.h */,
				A2A866AF1B64FF6E00F57D37 /* DPAutolocalizationProxy.m */,
			);
			path = Proxy;
			sourceTree = "<group>";
		};
		B23048741B3BCD0F0060BC1D /* Plural */ = {
			isa = PBXGroup;
			children = (
				B21CE1891B414E8A00D6E9FA /* parser.py */,
				B21CE18A1B414E8A00D6E9FA /* plurals.xml */,
				B203935C1B41496600F30C6A /* dp_gen_plural.c */,
				B203935D1B41496600F30C6A /* dp_gen_plural.h */,
				B23048781B3BCD4F0060BC1D /* Plural+DPLocalization.h */,
				B23048791B3BCF220060BC1D /* Plural+DPLocalization.m */,
			);
			path = Plural;
			sourceTree = "<group>";
		};
		B29405781AA439B20049BF70 /* Tests */ = {
			isa = PBXGroup;
			children = (
				B29405821AA450DF0049BF70 /* iOS */,
				B294057E1AA439DF0049BF70 /* BasicManagerTests.m */,
				B29405801AA4504B0049BF70 /* BasicNSObjectTests.m */,
				B29405871AA464650049BF70 /* BasicProxyTests.m */,
				B29405891AA46DD20049BF70 /* TestObject.h */,
				B294058A1AA46DD20049BF70 /* TestObject.m */,
			);
			path = Tests;
			sourceTree = "<group>";
		};
		B29405821AA450DF0049BF70 /* iOS */ = {
			isa = PBXGroup;
			children = (
				B29405841AA450DF0049BF70 /* UIKitExtensionTests.m */,
				B29405831AA450DF0049BF70 /* Info.plist */,
			);
			path = iOS;
			sourceTree = "<group>";
		};
		B29DC31B1A9AF46A00AFE219 /* LocalizationDemo-osx */ = {
			isa = PBXGroup;
			children = (
				B29DC31C1A9AF46A00AFE219 /* AppDelegate.h */,
				B29DC31D1A9AF46A00AFE219 /* AppDelegate.m */,
				B29DC3211A9AF46A00AFE219 /* MainMenu.xib */,
				B29DC3361A9B167700AFE219 /* image.png */,
				B29DC31E1A9AF46A00AFE219 /* Images.xcassets */,
				B29DC32B1A9AF4DC00AFE219 /* Localizable.strings */,
				B29DC3201A9AF46A00AFE219 /* main.m */,
				B29DC31F1A9AF46A00AFE219 /* Info.plist */,
			);
			path = "LocalizationDemo-osx";
			sourceTree = "<group>";
		};
		B2B6D5051B427E6100EC46BA /* Formatter */ = {
			isa = PBXGroup;
			children = (
				B2B6D5061B4280A700EC46BA /* DPFormattedValue.h */,
				B2B6D5071B4280A700EC46BA /* DPFormattedValue.m */,
			);
			path = Formatter;
			sourceTree = "<group>";
		};
		CE3D78C01835EAA10012CA3D /* DPLocalization */ = {
			isa = PBXGroup;
			children = (
				A2A866A81B64FF6E00F57D37 /* Categories */,
				A2A866AD1B64FF6E00F57D37 /* Proxy */,
				B2B6D5051B427E6100EC46BA /* Formatter */,
				B23048741B3BCD0F0060BC1D /* Plural */,
				B25BE37F1A93261100B0A82F /* DPLocalizationPlatforms.h */,
				CE3D78C11835EAA10012CA3D /* DPLocalizationManager.h */,
				CE3D78C21835EAA10012CA3D /* DPLocalizationManager.m */,
				A2A866A71B64FE6400F57D37 /* DPLocalization.h */,
			);
			name = DPLocalization;
			path = ../DPLocalization;
			sourceTree = "<group>";
		};
		CED8ADEC1833502A007E4C60 = {
			isa = PBXGroup;
			children = (
				CE3D78C01835EAA10012CA3D /* DPLocalization */,
				CED8ADFE1833502A007E4C60 /* LocalizationDemo */,
				B29DC31B1A9AF46A00AFE219 /* LocalizationDemo-osx */,
				B29405781AA439B20049BF70 /* Tests */,
				CED8ADF71833502A007E4C60 /* Frameworks */,
				CED8ADF61833502A007E4C60 /* Products */,
				B21CE18D1B41502900D6E9FA /* CHANGELOG.md */,
				B21CE18E1B41502900D6E9FA /* DPLocalization.podspec */,
				B21CE18F1B41502900D6E9FA /* README.md */,
			);
			sourceTree = "<group>";
		};
		CED8ADF61833502A007E4C60 /* Products */ = {
			isa = PBXGroup;
			children = (
				CED8ADF51833502A007E4C60 /* LocalizationDemo.app */,
				B29DC2FB1A9AF43E00AFE219 /* LocalizationDemo-osx.app */,
				B294056C1AA439180049BF70 /* Localization Tests iOS.xctest */,
			);
			name = Products;
			sourceTree = "<group>";
		};
		CED8ADF71833502A007E4C60 /* Frameworks */ = {
			isa = PBXGroup;
			children = (
				CED8ADF81833502A007E4C60 /* Foundation.framework */,
				CED8ADFA1833502A007E4C60 /* CoreGraphics.framework */,
				CED8ADFC1833502A007E4C60 /* UIKit.framework */,
				CED8AE171833502A007E4C60 /* XCTest.framework */,
			);
			name = Frameworks;
			sourceTree = "<group>";
		};
		CED8ADFE1833502A007E4C60 /* LocalizationDemo */ = {
			isa = PBXGroup;
			children = (
				5822FA1218587335006B05DB /* Localizable1.strings */,
				CED8AE071833502A007E4C60 /* AppDelegate.h */,
				CED8AE081833502A007E4C60 /* AppDelegate.m */,
				CED8AE0D1833502A007E4C60 /* ViewController.h */,
				CED8AE0E1833502A007E4C60 /* ViewController.m */,
				B204BED71B37F70E00AF575F /* SecondViewController.h */,
				B204BED81B37F70E00AF575F /* SecondViewController.m */,
				CE8DC39118C9CABF004E4BB8 /* image.png */,
				CED8AE2D18335082007E4C60 /* Main.storyboard */,
				CED8AE3A18335121007E4C60 /* Localizable.strings */,
				B292EB311B37EF9900942BC9 /* Localizable.stringsdict */,
				CED8AE101833502A007E4C60 /* Images.xcassets */,
				CED8ADFF1833502A007E4C60 /* Supporting Files */,
				CED1C4FA1845F3DD003014E7 /* Settings.bundle */,
			);
			path = LocalizationDemo;
			sourceTree = "<group>";
		};
		CED8ADFF1833502A007E4C60 /* Supporting Files */ = {
			isa = PBXGroup;
			children = (
				CED8AE001833502A007E4C60 /* LocalizationDemo-Info.plist */,
				CED8AE041833502A007E4C60 /* main.m */,
				CED8AE061833502A007E4C60 /* LocalizationDemo-Prefix.pch */,
			);
			name = "Supporting Files";
			sourceTree = "<group>";
		};
/* End PBXGroup section */

/* Begin PBXNativeTarget section */
		B294056B1AA439180049BF70 /* Localization Tests iOS */ = {
			isa = PBXNativeTarget;
			buildConfigurationList = B29405761AA439180049BF70 /* Build configuration list for PBXNativeTarget "Localization Tests iOS" */;
			buildPhases = (
				B29405681AA439180049BF70 /* Sources */,
				B29405691AA439180049BF70 /* Frameworks */,
				B294056A1AA439180049BF70 /* Resources */,
			);
			buildRules = (
			);
			dependencies = (
				B29405731AA439180049BF70 /* PBXTargetDependency */,
			);
			name = "Localization Tests iOS";
			productName = "Localization Tests iOS";
			productReference = B294056C1AA439180049BF70 /* Localization Tests iOS.xctest */;
			productType = "com.apple.product-type.bundle.unit-test";
		};
		B29DC2FA1A9AF43E00AFE219 /* LocalizationDemo-osx */ = {
			isa = PBXNativeTarget;
			buildConfigurationList = B29DC3151A9AF43F00AFE219 /* Build configuration list for PBXNativeTarget "LocalizationDemo-osx" */;
			buildPhases = (
				B29DC2F71A9AF43E00AFE219 /* Sources */,
				B29DC2F81A9AF43E00AFE219 /* Frameworks */,
				B29DC2F91A9AF43E00AFE219 /* Resources */,
			);
			buildRules = (
			);
			dependencies = (
			);
			name = "LocalizationDemo-osx";
			productName = "LocalizationDemo-osx";
			productReference = B29DC2FB1A9AF43E00AFE219 /* LocalizationDemo-osx.app */;
			productType = "com.apple.product-type.application";
		};
		CED8ADF41833502A007E4C60 /* LocalizationDemo */ = {
			isa = PBXNativeTarget;
			buildConfigurationList = CED8AE271833502A007E4C60 /* Build configuration list for PBXNativeTarget "LocalizationDemo" */;
			buildPhases = (
				CED8ADF11833502A007E4C60 /* Sources */,
				CED8ADF21833502A007E4C60 /* Frameworks */,
				CED8ADF31833502A007E4C60 /* Resources */,
			);
			buildRules = (
			);
			dependencies = (
			);
			name = LocalizationDemo;
			productName = LocalizationDemo;
			productReference = CED8ADF51833502A007E4C60 /* LocalizationDemo.app */;
			productType = "com.apple.product-type.application";
		};
/* End PBXNativeTarget section */

/* Begin PBXProject section */
		CED8ADED1833502A007E4C60 /* Project object */ = {
			isa = PBXProject;
			attributes = {
				LastUpgradeCheck = 0630;
				ORGANIZATIONNAME = "Dmitriy Petrusevich";
				TargetAttributes = {
					B294056B1AA439180049BF70 = {
						CreatedOnToolsVersion = 6.1.1;
						TestTargetID = CED8ADF41833502A007E4C60;
					};
					B29DC2FA1A9AF43E00AFE219 = {
						CreatedOnToolsVersion = 6.1.1;
					};
				};
			};
			buildConfigurationList = CED8ADF01833502A007E4C60 /* Build configuration list for PBXProject "LocalizationDemo" */;
			compatibilityVersion = "Xcode 3.2";
			developmentRegion = English;
			hasScannedForEncodings = 0;
			knownRegions = (
				en,
				ru,
				de,
			);
			mainGroup = CED8ADEC1833502A007E4C60;
			productRefGroup = CED8ADF61833502A007E4C60 /* Products */;
			projectDirPath = "";
			projectRoot = "";
			targets = (
				CED8ADF41833502A007E4C60 /* LocalizationDemo */,
				B29DC2FA1A9AF43E00AFE219 /* LocalizationDemo-osx */,
				B294056B1AA439180049BF70 /* Localization Tests iOS */,
			);
		};
/* End PBXProject section */

/* Begin PBXResourcesBuildPhase section */
		B294056A1AA439180049BF70 /* Resources */ = {
			isa = PBXResourcesBuildPhase;
			buildActionMask = 2147483647;
			files = (
			);
			runOnlyForDeploymentPostprocessing = 0;
		};
		B29DC2F91A9AF43E00AFE219 /* Resources */ = {
			isa = PBXResourcesBuildPhase;
			buildActionMask = 2147483647;
			files = (
				B29DC3231A9AF46A00AFE219 /* Images.xcassets in Resources */,
				B29DC3291A9AF4DC00AFE219 /* Localizable.strings in Resources */,
				B29DC3261A9AF46A00AFE219 /* MainMenu.xib in Resources */,
				B29DC3341A9B167700AFE219 /* image.png in Resources */,
			);
			runOnlyForDeploymentPostprocessing = 0;
		};
		CED8ADF31833502A007E4C60 /* Resources */ = {
			isa = PBXResourcesBuildPhase;
			buildActionMask = 2147483647;
			files = (
				CED1C4FB1845F3DD003014E7 /* Settings.bundle in Resources */,
				CED8AE2E18335082007E4C60 /* Main.storyboard in Resources */,
				CED8AE3818335121007E4C60 /* Localizable.strings in Resources */,
				CED8AE111833502A007E4C60 /* Images.xcassets in Resources */,
				B292EB2F1B37EF9900942BC9 /* Localizable.stringsdict in Resources */,
				5822FA1418587335006B05DB /* Localizable1.strings in Resources */,
				CE8DC38F18C9CABF004E4BB8 /* image.png in Resources */,
			);
			runOnlyForDeploymentPostprocessing = 0;
		};
/* End PBXResourcesBuildPhase section */

/* Begin PBXSourcesBuildPhase section */
		B29405681AA439180049BF70 /* Sources */ = {
			isa = PBXSourcesBuildPhase;
			buildActionMask = 2147483647;
			files = (
				B29405861AA450DF0049BF70 /* UIKitExtensionTests.m in Sources */,
				B294057F1AA439DF0049BF70 /* BasicManagerTests.m in Sources */,
				B294058B1AA46DD20049BF70 /* TestObject.m in Sources */,
				B29405811AA4504B0049BF70 /* BasicNSObjectTests.m in Sources */,
				B29405881AA464650049BF70 /* BasicProxyTests.m in Sources */,
			);
			runOnlyForDeploymentPostprocessing = 0;
		};
		B29DC2F71A9AF43E00AFE219 /* Sources */ = {
			isa = PBXSourcesBuildPhase;
			buildActionMask = 2147483647;
			files = (
				B21CE18B1B414E9400D6E9FA /* dp_gen_plural.c in Sources */,
				B21CE18C1B414E9400D6E9FA /* Plural+DPLocalization.m in Sources */,
				B29DC32E1A9AF53300AFE219 /* DPLocalizationManager.m in Sources */,
				B2B6D5091B4280A700EC46BA /* DPFormattedValue.m in Sources */,
				B29DC3251A9AF46A00AFE219 /* main.m in Sources */,
				B29DC3221A9AF46A00AFE219 /* AppDelegate.m in Sources */,
			);
			runOnlyForDeploymentPostprocessing = 0;
		};
		CED8ADF11833502A007E4C60 /* Sources */ = {
			isa = PBXSourcesBuildPhase;
			buildActionMask = 2147483647;
			files = (
				B203935E1B41496600F30C6A /* dp_gen_plural.c in Sources */,
				B230487A1B3BCF220060BC1D /* Plural+DPLocalization.m in Sources */,
				CED8AE0F1833502A007E4C60 /* ViewController.m in Sources */,
				CED8AE091833502A007E4C60 /* AppDelegate.m in Sources */,
				B204BED91B37F70E00AF575F /* SecondViewController.m in Sources */,
				CE3D78C51835EAA10012CA3D /* DPLocalizationManager.m in Sources */,
				A2A866B11B64FF6E00F57D37 /* NSObject+DPLocalization.m in Sources */,
				A2A866B21B64FF6E00F57D37 /* DPAutolocalizationProxy.m in Sources */,
				CED8AE051833502A007E4C60 /* main.m in Sources */,
				B2B6D5081B4280A700EC46BA /* DPFormattedValue.m in Sources */,
				A2A866B01B64FF6E00F57D37 /* NSAttributedString+DPLocalization.m in Sources */,
			);
			runOnlyForDeploymentPostprocessing = 0;
		};
/* End PBXSourcesBuildPhase section */

/* Begin PBXTargetDependency section */
		B29405731AA439180049BF70 /* PBXTargetDependency */ = {
			isa = PBXTargetDependency;
			target = CED8ADF41833502A007E4C60 /* LocalizationDemo */;
			targetProxy = B29405721AA439180049BF70 /* PBXContainerItemProxy */;
		};
/* End PBXTargetDependency section */

/* Begin PBXVariantGroup section */
		5822FA1218587335006B05DB /* Localizable1.strings */ = {
			isa = PBXVariantGroup;
			children = (
				5822FA1318587335006B05DB /* de */,
				5822FA151858733C006B05DB /* en */,
				5822FA1618587341006B05DB /* ru */,
			);
			name = Localizable1.strings;
			sourceTree = "<group>";
		};
		B292EB311B37EF9900942BC9 /* Localizable.stringsdict */ = {
			isa = PBXVariantGroup;
			children = (
				B292EB301B37EF9900942BC9 /* en */,
				B292EB321B37EF9B00942BC9 /* ru */,
			);
			name = Localizable.stringsdict;
			sourceTree = "<group>";
		};
		B29DC32B1A9AF4DC00AFE219 /* Localizable.strings */ = {
			isa = PBXVariantGroup;
			children = (
				B29DC32A1A9AF4DC00AFE219 /* en */,
				B29DC32C1A9AF4F500AFE219 /* ru */,
				B29DC32D1A9AF4F600AFE219 /* de */,
			);
			name = Localizable.strings;
			sourceTree = "<group>";
		};
		B29DC3361A9B167700AFE219 /* image.png */ = {
			isa = PBXVariantGroup;
			children = (
				B29DC3351A9B167700AFE219 /* en */,
				B29DC3371A9B167800AFE219 /* ru */,
				B29DC3381A9B167800AFE219 /* de */,
			);
			name = image.png;
			sourceTree = "<group>";
		};
		CE8DC39118C9CABF004E4BB8 /* image.png */ = {
			isa = PBXVariantGroup;
			children = (
				CE8DC39018C9CABF004E4BB8 /* en */,
				CE8DC39218C9CAC3004E4BB8 /* de */,
				CE8DC39318C9CAC4004E4BB8 /* ru */,
			);
			name = image.png;
			sourceTree = "<group>";
		};
		CED8AE3A18335121007E4C60 /* Localizable.strings */ = {
			isa = PBXVariantGroup;
			children = (
				CED8AE3B18335127007E4C60 /* en */,
				CEE81AF51833519C00627565 /* ru */,
				CEE81AF6183351A400627565 /* de */,
			);
			name = Localizable.strings;
			sourceTree = "<group>";
		};
/* End PBXVariantGroup section */

/* Begin XCBuildConfiguration section */
		B29405741AA439180049BF70 /* Debug */ = {
			isa = XCBuildConfiguration;
			buildSettings = {
				BUNDLE_LOADER = "$(TEST_HOST)";
				CLANG_WARN_UNREACHABLE_CODE = YES;
				ENABLE_STRICT_OBJC_MSGSEND = YES;
				FRAMEWORK_SEARCH_PATHS = (
					"$(SDKROOT)/Developer/Library/Frameworks",
					"$(inherited)",
				);
				GCC_WARN_UNINITIALIZED_AUTOS = YES_AGGRESSIVE;
				INFOPLIST_FILE = Tests/iOS/Info.plist;
				IPHONEOS_DEPLOYMENT_TARGET = 8.1;
				LD_RUNPATH_SEARCH_PATHS = "$(inherited) @executable_path/Frameworks @loader_path/Frameworks";
				MTL_ENABLE_DEBUG_INFO = YES;
				PRODUCT_NAME = "$(TARGET_NAME)";
				SDKROOT = iphoneos;
				TEST_HOST = "$(BUILT_PRODUCTS_DIR)/LocalizationDemo.app/LocalizationDemo";
			};
			name = Debug;
		};
		B29405751AA439180049BF70 /* Release */ = {
			isa = XCBuildConfiguration;
			buildSettings = {
				BUNDLE_LOADER = "$(TEST_HOST)";
				CLANG_WARN_UNREACHABLE_CODE = YES;
				ENABLE_STRICT_OBJC_MSGSEND = YES;
				FRAMEWORK_SEARCH_PATHS = (
					"$(SDKROOT)/Developer/Library/Frameworks",
					"$(inherited)",
				);
				GCC_WARN_UNINITIALIZED_AUTOS = YES_AGGRESSIVE;
				INFOPLIST_FILE = Tests/iOS/Info.plist;
				IPHONEOS_DEPLOYMENT_TARGET = 8.1;
				LD_RUNPATH_SEARCH_PATHS = "$(inherited) @executable_path/Frameworks @loader_path/Frameworks";
				MTL_ENABLE_DEBUG_INFO = NO;
				PRODUCT_NAME = "$(TARGET_NAME)";
				SDKROOT = iphoneos;
				TEST_HOST = "$(BUILT_PRODUCTS_DIR)/LocalizationDemo.app/LocalizationDemo";
			};
			name = Release;
		};
		B29DC3161A9AF43F00AFE219 /* Debug */ = {
			isa = XCBuildConfiguration;
			buildSettings = {
				ASSETCATALOG_COMPILER_APPICON_NAME = AppIcon;
				CLANG_WARN_UNREACHABLE_CODE = YES;
				CODE_SIGN_IDENTITY = "-";
				COMBINE_HIDPI_IMAGES = YES;
				ENABLE_STRICT_OBJC_MSGSEND = YES;
				GCC_WARN_UNINITIALIZED_AUTOS = YES_AGGRESSIVE;
				INFOPLIST_FILE = "LocalizationDemo-osx/Info.plist";
				LD_RUNPATH_SEARCH_PATHS = "$(inherited) @executable_path/../Frameworks";
				MACOSX_DEPLOYMENT_TARGET = 10.10;
				MTL_ENABLE_DEBUG_INFO = YES;
				PRODUCT_NAME = "$(TARGET_NAME)";
				SDKROOT = macosx;
			};
			name = Debug;
		};
		B29DC3171A9AF43F00AFE219 /* Release */ = {
			isa = XCBuildConfiguration;
			buildSettings = {
				ASSETCATALOG_COMPILER_APPICON_NAME = AppIcon;
				CLANG_WARN_UNREACHABLE_CODE = YES;
				CODE_SIGN_IDENTITY = "-";
				COMBINE_HIDPI_IMAGES = YES;
				DEBUG_INFORMATION_FORMAT = "dwarf-with-dsym";
				ENABLE_STRICT_OBJC_MSGSEND = YES;
				GCC_WARN_UNINITIALIZED_AUTOS = YES_AGGRESSIVE;
				INFOPLIST_FILE = "LocalizationDemo-osx/Info.plist";
				LD_RUNPATH_SEARCH_PATHS = "$(inherited) @executable_path/../Frameworks";
				MACOSX_DEPLOYMENT_TARGET = 10.10;
				MTL_ENABLE_DEBUG_INFO = NO;
				PRODUCT_NAME = "$(TARGET_NAME)";
				SDKROOT = macosx;
			};
			name = Release;
		};
		B2B8756C1AA486B500BC19F9 /* Testing */ = {
			isa = XCBuildConfiguration;
			buildSettings = {
				ALWAYS_SEARCH_USER_PATHS = NO;
				CLANG_CXX_LANGUAGE_STANDARD = "gnu++0x";
				CLANG_CXX_LIBRARY = "libc++";
				CLANG_ENABLE_MODULES = YES;
				CLANG_ENABLE_OBJC_ARC = YES;
				CLANG_WARN_BOOL_CONVERSION = YES;
				CLANG_WARN_CONSTANT_CONVERSION = YES;
				CLANG_WARN_DIRECT_OBJC_ISA_USAGE = YES_ERROR;
				CLANG_WARN_EMPTY_BODY = YES;
				CLANG_WARN_ENUM_CONVERSION = YES;
				CLANG_WARN_INT_CONVERSION = YES;
				CLANG_WARN_OBJC_ROOT_CLASS = YES_ERROR;
				CLANG_WARN__DUPLICATE_METHOD_MATCH = YES;
				"CODE_SIGN_IDENTITY[sdk=iphoneos*]" = "iPhone Developer";
				COPY_PHASE_STRIP = NO;
				GCC_C_LANGUAGE_STANDARD = gnu99;
				GCC_DYNAMIC_NO_PIC = NO;
				GCC_OPTIMIZATION_LEVEL = 0;
				GCC_PREPROCESSOR_DEFINITIONS = (
					"DEBUG=1",
					"$(inherited)",
					"TESTING=1",
				);
				GCC_SYMBOLS_PRIVATE_EXTERN = NO;
				GCC_WARN_64_TO_32_BIT_CONVERSION = YES;
				GCC_WARN_ABOUT_RETURN_TYPE = YES_ERROR;
				GCC_WARN_UNDECLARED_SELECTOR = YES;
				GCC_WARN_UNINITIALIZED_AUTOS = YES;
				GCC_WARN_UNUSED_FUNCTION = YES;
				GCC_WARN_UNUSED_VARIABLE = YES;
				IPHONEOS_DEPLOYMENT_TARGET = 6.0;
				MACOSX_DEPLOYMENT_TARGET = 10.8;
				ONLY_ACTIVE_ARCH = YES;
			};
			name = Testing;
		};
		B2B8756D1AA486B500BC19F9 /* Testing */ = {
			isa = XCBuildConfiguration;
			buildSettings = {
				ASSETCATALOG_COMPILER_APPICON_NAME = AppIcon;
				ASSETCATALOG_COMPILER_LAUNCHIMAGE_NAME = LaunchImage;
				GCC_PRECOMPILE_PREFIX_HEADER = YES;
				GCC_PREFIX_HEADER = "LocalizationDemo/LocalizationDemo-Prefix.pch";
				INFOPLIST_FILE = "LocalizationDemo/LocalizationDemo-Info.plist";
				PRODUCT_NAME = "$(TARGET_NAME)";
				SDKROOT = iphoneos;
				WRAPPER_EXTENSION = app;
			};
			name = Testing;
		};
		B2B8756E1AA486B500BC19F9 /* Testing */ = {
			isa = XCBuildConfiguration;
			buildSettings = {
				ASSETCATALOG_COMPILER_APPICON_NAME = AppIcon;
				CLANG_WARN_UNREACHABLE_CODE = YES;
				CODE_SIGN_IDENTITY = "-";
				COMBINE_HIDPI_IMAGES = YES;
				ENABLE_STRICT_OBJC_MSGSEND = YES;
				GCC_WARN_UNINITIALIZED_AUTOS = YES_AGGRESSIVE;
				INFOPLIST_FILE = "LocalizationDemo-osx/Info.plist";
				LD_RUNPATH_SEARCH_PATHS = "$(inherited) @executable_path/../Frameworks";
				MACOSX_DEPLOYMENT_TARGET = 10.10;
				MTL_ENABLE_DEBUG_INFO = YES;
				PRODUCT_NAME = "$(TARGET_NAME)";
				SDKROOT = macosx;
			};
			name = Testing;
		};
		B2B8756F1AA486B500BC19F9 /* Testing */ = {
			isa = XCBuildConfiguration;
			buildSettings = {
				BUNDLE_LOADER = "$(TEST_HOST)";
				CLANG_WARN_UNREACHABLE_CODE = YES;
				ENABLE_STRICT_OBJC_MSGSEND = YES;
				FRAMEWORK_SEARCH_PATHS = (
					"$(SDKROOT)/Developer/Library/Frameworks",
					"$(inherited)",
				);
				GCC_WARN_UNINITIALIZED_AUTOS = YES_AGGRESSIVE;
				INFOPLIST_FILE = Tests/iOS/Info.plist;
				IPHONEOS_DEPLOYMENT_TARGET = 8.1;
				LD_RUNPATH_SEARCH_PATHS = "$(inherited) @executable_path/Frameworks @loader_path/Frameworks";
				MTL_ENABLE_DEBUG_INFO = YES;
				PRODUCT_NAME = "$(TARGET_NAME)";
				SDKROOT = iphoneos;
				TEST_HOST = "$(BUILT_PRODUCTS_DIR)/LocalizationDemo.app/LocalizationDemo";
			};
			name = Testing;
		};
		CED8AE251833502A007E4C60 /* Debug */ = {
			isa = XCBuildConfiguration;
			buildSettings = {
				ALWAYS_SEARCH_USER_PATHS = NO;
				CLANG_CXX_LANGUAGE_STANDARD = "gnu++0x";
				CLANG_CXX_LIBRARY = "libc++";
				CLANG_ENABLE_MODULES = YES;
				CLANG_ENABLE_OBJC_ARC = YES;
				CLANG_WARN_BOOL_CONVERSION = YES;
				CLANG_WARN_CONSTANT_CONVERSION = YES;
				CLANG_WARN_DIRECT_OBJC_ISA_USAGE = YES_ERROR;
				CLANG_WARN_EMPTY_BODY = YES;
				CLANG_WARN_ENUM_CONVERSION = YES;
				CLANG_WARN_INT_CONVERSION = YES;
				CLANG_WARN_OBJC_ROOT_CLASS = YES_ERROR;
				CLANG_WARN__DUPLICATE_METHOD_MATCH = YES;
				"CODE_SIGN_IDENTITY[sdk=iphoneos*]" = "iPhone Developer";
				COPY_PHASE_STRIP = NO;
				GCC_C_LANGUAGE_STANDARD = gnu99;
				GCC_DYNAMIC_NO_PIC = NO;
				GCC_OPTIMIZATION_LEVEL = 0;
				GCC_PREPROCESSOR_DEFINITIONS = (
					"DEBUG=1",
					"$(inherited)",
				);
				GCC_SYMBOLS_PRIVATE_EXTERN = NO;
				GCC_WARN_64_TO_32_BIT_CONVERSION = YES;
				GCC_WARN_ABOUT_RETURN_TYPE = YES_ERROR;
				GCC_WARN_UNDECLARED_SELECTOR = YES;
				GCC_WARN_UNINITIALIZED_AUTOS = YES;
				GCC_WARN_UNUSED_FUNCTION = YES;
				GCC_WARN_UNUSED_VARIABLE = YES;
				IPHONEOS_DEPLOYMENT_TARGET = 6.0;
				MACOSX_DEPLOYMENT_TARGET = 10.8;
				ONLY_ACTIVE_ARCH = YES;
			};
			name = Debug;
		};
		CED8AE261833502A007E4C60 /* Release */ = {
			isa = XCBuildConfiguration;
			buildSettings = {
				ALWAYS_SEARCH_USER_PATHS = NO;
				CLANG_CXX_LANGUAGE_STANDARD = "gnu++0x";
				CLANG_CXX_LIBRARY = "libc++";
				CLANG_ENABLE_MODULES = YES;
				CLANG_ENABLE_OBJC_ARC = YES;
				CLANG_WARN_BOOL_CONVERSION = YES;
				CLANG_WARN_CONSTANT_CONVERSION = YES;
				CLANG_WARN_DIRECT_OBJC_ISA_USAGE = YES_ERROR;
				CLANG_WARN_EMPTY_BODY = YES;
				CLANG_WARN_ENUM_CONVERSION = YES;
				CLANG_WARN_INT_CONVERSION = YES;
				CLANG_WARN_OBJC_ROOT_CLASS = YES_ERROR;
				CLANG_WARN__DUPLICATE_METHOD_MATCH = YES;
				"CODE_SIGN_IDENTITY[sdk=iphoneos*]" = "iPhone Developer";
				COPY_PHASE_STRIP = YES;
				ENABLE_NS_ASSERTIONS = NO;
				GCC_C_LANGUAGE_STANDARD = gnu99;
				GCC_WARN_64_TO_32_BIT_CONVERSION = YES;
				GCC_WARN_ABOUT_RETURN_TYPE = YES_ERROR;
				GCC_WARN_UNDECLARED_SELECTOR = YES;
				GCC_WARN_UNINITIALIZED_AUTOS = YES;
				GCC_WARN_UNUSED_FUNCTION = YES;
				GCC_WARN_UNUSED_VARIABLE = YES;
				IPHONEOS_DEPLOYMENT_TARGET = 6.0;
				MACOSX_DEPLOYMENT_TARGET = 10.8;
				VALIDATE_PRODUCT = YES;
			};
			name = Release;
		};
		CED8AE281833502A007E4C60 /* Debug */ = {
			isa = XCBuildConfiguration;
			buildSettings = {
				ASSETCATALOG_COMPILER_APPICON_NAME = AppIcon;
				ASSETCATALOG_COMPILER_LAUNCHIMAGE_NAME = LaunchImage;
				GCC_PRECOMPILE_PREFIX_HEADER = YES;
				GCC_PREFIX_HEADER = "LocalizationDemo/LocalizationDemo-Prefix.pch";
				INFOPLIST_FILE = "LocalizationDemo/LocalizationDemo-Info.plist";
				PRODUCT_NAME = "$(TARGET_NAME)";
				SDKROOT = iphoneos;
				WRAPPER_EXTENSION = app;
			};
			name = Debug;
		};
		CED8AE291833502A007E4C60 /* Release */ = {
			isa = XCBuildConfiguration;
			buildSettings = {
				ASSETCATALOG_COMPILER_APPICON_NAME = AppIcon;
				ASSETCATALOG_COMPILER_LAUNCHIMAGE_NAME = LaunchImage;
				GCC_PRECOMPILE_PREFIX_HEADER = YES;
				GCC_PREFIX_HEADER = "LocalizationDemo/LocalizationDemo-Prefix.pch";
				INFOPLIST_FILE = "LocalizationDemo/LocalizationDemo-Info.plist";
				PRODUCT_NAME = "$(TARGET_NAME)";
				SDKROOT = iphoneos;
				WRAPPER_EXTENSION = app;
			};
			name = Release;
		};
/* End XCBuildConfiguration section */

/* Begin XCConfigurationList section */
		B29405761AA439180049BF70 /* Build configuration list for PBXNativeTarget "Localization Tests iOS" */ = {
			isa = XCConfigurationList;
			buildConfigurations = (
				B29405741AA439180049BF70 /* Debug */,
				B2B8756F1AA486B500BC19F9 /* Testing */,
				B29405751AA439180049BF70 /* Release */,
			);
			defaultConfigurationIsVisible = 0;
			defaultConfigurationName = Release;
		};
		B29DC3151A9AF43F00AFE219 /* Build configuration list for PBXNativeTarget "LocalizationDemo-osx" */ = {
			isa = XCConfigurationList;
			buildConfigurations = (
				B29DC3161A9AF43F00AFE219 /* Debug */,
				B2B8756E1AA486B500BC19F9 /* Testing */,
				B29DC3171A9AF43F00AFE219 /* Release */,
			);
			defaultConfigurationIsVisible = 0;
			defaultConfigurationName = Release;
		};
		CED8ADF01833502A007E4C60 /* Build configuration list for PBXProject "LocalizationDemo" */ = {
			isa = XCConfigurationList;
			buildConfigurations = (
				CED8AE251833502A007E4C60 /* Debug */,
				B2B8756C1AA486B500BC19F9 /* Testing */,
				CED8AE261833502A007E4C60 /* Release */,
			);
			defaultConfigurationIsVisible = 0;
			defaultConfigurationName = Release;
		};
		CED8AE271833502A007E4C60 /* Build configuration list for PBXNativeTarget "LocalizationDemo" */ = {
			isa = XCConfigurationList;
			buildConfigurations = (
				CED8AE281833502A007E4C60 /* Debug */,
				B2B8756D1AA486B500BC19F9 /* Testing */,
				CED8AE291833502A007E4C60 /* Release */,
			);
			defaultConfigurationIsVisible = 0;
			defaultConfigurationName = Release;
		};
/* End XCConfigurationList section */
	};
	rootObject = CED8ADED1833502A007E4C60 /* Project object */;
}
